// !$*UTF8*$!
{
	archiveVersion = 1;
	classes = {
	};
	objectVersion = 46;
	objects = {

/* Begin PBXBuildFile section */
		4A314A0B19D3CA1100A4EBA4 /* MKAnnotationView+WebCache.m in Sources */ = {isa = PBXBuildFile; fileRef = 4A3149EB19D3CA1100A4EBA4 /* MKAnnotationView+WebCache.m */; };
		4A314A0C19D3CA1100A4EBA4 /* NSData+ImageContentType.m in Sources */ = {isa = PBXBuildFile; fileRef = 4A3149ED19D3CA1100A4EBA4 /* NSData+ImageContentType.m */; };
		4A314A0D19D3CA1100A4EBA4 /* SDImageCache.m in Sources */ = {isa = PBXBuildFile; fileRef = 4A3149EF19D3CA1100A4EBA4 /* SDImageCache.m */; };
		4A314A0E19D3CA1100A4EBA4 /* SDWebImageCompat.m in Sources */ = {isa = PBXBuildFile; fileRef = 4A3149F119D3CA1100A4EBA4 /* SDWebImageCompat.m */; };
		4A314A0F19D3CA1100A4EBA4 /* SDWebImageDecoder.m in Sources */ = {isa = PBXBuildFile; fileRef = 4A3149F319D3CA1100A4EBA4 /* SDWebImageDecoder.m */; };
		4A314A1019D3CA1100A4EBA4 /* SDWebImageDownloader.m in Sources */ = {isa = PBXBuildFile; fileRef = 4A3149F519D3CA1100A4EBA4 /* SDWebImageDownloader.m */; };
		4A314A1119D3CA1100A4EBA4 /* SDWebImageDownloaderOperation.m in Sources */ = {isa = PBXBuildFile; fileRef = 4A3149F719D3CA1100A4EBA4 /* SDWebImageDownloaderOperation.m */; };
		4A314A1219D3CA1100A4EBA4 /* SDWebImageManager.m in Sources */ = {isa = PBXBuildFile; fileRef = 4A3149F919D3CA1100A4EBA4 /* SDWebImageManager.m */; };
		4A314A1319D3CA1100A4EBA4 /* SDWebImagePrefetcher.m in Sources */ = {isa = PBXBuildFile; fileRef = 4A3149FC19D3CA1100A4EBA4 /* SDWebImagePrefetcher.m */; };
		4A314A1419D3CA1100A4EBA4 /* UIButton+WebCache.m in Sources */ = {isa = PBXBuildFile; fileRef = 4A3149FE19D3CA1100A4EBA4 /* UIButton+WebCache.m */; };
		4A314A1519D3CA1100A4EBA4 /* UIImage+GIF.m in Sources */ = {isa = PBXBuildFile; fileRef = 4A314A0019D3CA1100A4EBA4 /* UIImage+GIF.m */; };
		4A314A1619D3CA1100A4EBA4 /* UIImage+MultiFormat.m in Sources */ = {isa = PBXBuildFile; fileRef = 4A314A0219D3CA1100A4EBA4 /* UIImage+MultiFormat.m */; };
		4A314A1719D3CA1100A4EBA4 /* UIImage+WebP.m in Sources */ = {isa = PBXBuildFile; fileRef = 4A314A0419D3CA1100A4EBA4 /* UIImage+WebP.m */; };
		4A314A1819D3CA1100A4EBA4 /* UIImageView+HighlightedWebCache.m in Sources */ = {isa = PBXBuildFile; fileRef = 4A314A0619D3CA1100A4EBA4 /* UIImageView+HighlightedWebCache.m */; };
		4A314A1919D3CA1100A4EBA4 /* UIImageView+WebCache.m in Sources */ = {isa = PBXBuildFile; fileRef = 4A314A0819D3CA1100A4EBA4 /* UIImageView+WebCache.m */; };
		4A314A1A19D3CA1100A4EBA4 /* UIView+WebCacheOperation.m in Sources */ = {isa = PBXBuildFile; fileRef = 4A314A0A19D3CA1100A4EBA4 /* UIView+WebCacheOperation.m */; };
		4A61A7171A6DE79D002D3E2E /* AGRemoteUnit.m in Sources */ = {isa = PBXBuildFile; fileRef = 4A61A7161A6DE79D002D3E2E /* AGRemoteUnit.m */; };
		4AD7D1E619D1083200D7F178 /* AGRemoter.m in Sources */ = {isa = PBXBuildFile; fileRef = 4AD7D1E419D1083200D7F178 /* AGRemoter.m */; };
		4AD7D1E919D1091300D7F178 /* DSRequest.m in Sources */ = {isa = PBXBuildFile; fileRef = 4AD7D1E819D1091300D7F178 /* DSRequest.m */; };
		4AD7D1F019D1096500D7F178 /* AGMonitor.m in Sources */ = {isa = PBXBuildFile; fileRef = 4AD7D1EB19D1096500D7F178 /* AGMonitor.m */; };
		4AD7D1F119D1096500D7F178 /* AGRemoterResult.m in Sources */ = {isa = PBXBuildFile; fileRef = 4AD7D1ED19D1096500D7F178 /* AGRemoterResult.m */; };
		4AD7D1F219D1096500D7F178 /* AGRemoterResultError.m in Sources */ = {isa = PBXBuildFile; fileRef = 4AD7D1EF19D1096500D7F178 /* AGRemoterResultError.m */; };
		4AD7D20419D10BA500D7F178 /* libFlurry_5.3.0.a in Frameworks */ = {isa = PBXBuildFile; fileRef = 4AD7D20319D10BA500D7F178 /* libFlurry_5.3.0.a */; };
		4AD7D23719D1150200D7F178 /* SystemConfiguration.framework in Frameworks */ = {isa = PBXBuildFile; fileRef = 4AD7D23619D1150200D7F178 /* SystemConfiguration.framework */; };
		4AD7D23919D1150700D7F178 /* MobileCoreServices.framework in Frameworks */ = {isa = PBXBuildFile; fileRef = 4AD7D23819D1150700D7F178 /* MobileCoreServices.framework */; };
		4AD7D25819D11CEF00D7F178 /* AFHTTPClient.m in Sources */ = {isa = PBXBuildFile; fileRef = 4AD7D21B19D1141400D7F178 /* AFHTTPClient.m */; };
		4AD7D25919D11CF700D7F178 /* AFNetworkActivityIndicatorManager.m in Sources */ = {isa = PBXBuildFile; fileRef = 4AD7D22319D1141400D7F178 /* AFNetworkActivityIndicatorManager.m */; };
		4AD7D25A19D11D0800D7F178 /* AFHTTPRequestOperation.m in Sources */ = {isa = PBXBuildFile; fileRef = 4AD7D21D19D1141400D7F178 /* AFHTTPRequestOperation.m */; };
		4AD7D25B19D11D0800D7F178 /* AFImageRequestOperation.m in Sources */ = {isa = PBXBuildFile; fileRef = 4AD7D21F19D1141400D7F178 /* AFImageRequestOperation.m */; };
		4AD7D25C19D11D0800D7F178 /* AFJSONRequestOperation.m in Sources */ = {isa = PBXBuildFile; fileRef = 4AD7D22119D1141400D7F178 /* AFJSONRequestOperation.m */; };
		4AD7D25D19D11D0800D7F178 /* AFPropertyListRequestOperation.m in Sources */ = {isa = PBXBuildFile; fileRef = 4AD7D22619D1141400D7F178 /* AFPropertyListRequestOperation.m */; };
		4AD7D25E19D11D0800D7F178 /* AFURLConnectionOperation.m in Sources */ = {isa = PBXBuildFile; fileRef = 4AD7D22819D1141400D7F178 /* AFURLConnectionOperation.m */; };
		4AD7D25F19D11D0800D7F178 /* AFXMLRequestOperation.m in Sources */ = {isa = PBXBuildFile; fileRef = 4AD7D22A19D1141400D7F178 /* AFXMLRequestOperation.m */; };
		4AD7D26019D11D0800D7F178 /* UIImageView+AFNetworking.m in Sources */ = {isa = PBXBuildFile; fileRef = 4AD7D22C19D1141400D7F178 /* UIImageView+AFNetworking.m */; };
		4AD7D26119D11D3B00D7F178 /* AGHTTPClient.m in Sources */ = {isa = PBXBuildFile; fileRef = 4AD7D1E219D1083200D7F178 /* AGHTTPClient.m */; };
		4AD7D26219D11D5600D7F178 /* NSObject+Singleton.m in Sources */ = {isa = PBXBuildFile; fileRef = 4AD7D20719D10C9900D7F178 /* NSObject+Singleton.m */; };
		4AD7D28219D151A100D7F178 /* AGNetworkConfig.m in Sources */ = {isa = PBXBuildFile; fileRef = 4AD7D28119D151A100D7F178 /* AGNetworkConfig.m */; };
		4AD7D29A19D167C100D7F178 /* DSReachabilityManager.m in Sources */ = {isa = PBXBuildFile; fileRef = 4AD7D29919D167C100D7F178 /* DSReachabilityManager.m */; };
		4AD7D2A119D1680600D7F178 /* Reachability.m in Sources */ = {isa = PBXBuildFile; fileRef = 4AD7D2A019D1680600D7F178 /* Reachability.m */; };
/* End PBXBuildFile section */

/* Begin PBXCopyFilesBuildPhase section */
		4AD7D1C619D1064A00D7F178 /* CopyFiles */ = {
			isa = PBXCopyFilesBuildPhase;
			buildActionMask = 2147483647;
			dstPath = "include/$(PRODUCT_NAME)";
			dstSubfolderSpec = 16;
			files = (
			);
			runOnlyForDeploymentPostprocessing = 0;
		};
/* End PBXCopyFilesBuildPhase section */

/* Begin PBXFileReference section */
		4A3149EA19D3CA1100A4EBA4 /* MKAnnotationView+WebCache.h */ = {isa = PBXFileReference; fileEncoding = 4; lastKnownFileType = sourcecode.c.h; path = "MKAnnotationView+WebCache.h"; sourceTree = "<group>"; };
		4A3149EB19D3CA1100A4EBA4 /* MKAnnotationView+WebCache.m */ = {isa = PBXFileReference; fileEncoding = 4; lastKnownFileType = sourcecode.c.objc; path = "MKAnnotationView+WebCache.m"; sourceTree = "<group>"; };
		4A3149EC19D3CA1100A4EBA4 /* NSData+ImageContentType.h */ = {isa = PBXFileReference; fileEncoding = 4; lastKnownFileType = sourcecode.c.h; path = "NSData+ImageContentType.h"; sourceTree = "<group>"; };
		4A3149ED19D3CA1100A4EBA4 /* NSData+ImageContentType.m */ = {isa = PBXFileReference; fileEncoding = 4; lastKnownFileType = sourcecode.c.objc; path = "NSData+ImageContentType.m"; sourceTree = "<group>"; };
		4A3149EE19D3CA1100A4EBA4 /* SDImageCache.h */ = {isa = PBXFileReference; fileEncoding = 4; lastKnownFileType = sourcecode.c.h; path = SDImageCache.h; sourceTree = "<group>"; };
		4A3149EF19D3CA1100A4EBA4 /* SDImageCache.m */ = {isa = PBXFileReference; fileEncoding = 4; lastKnownFileType = sourcecode.c.objc; path = SDImageCache.m; sourceTree = "<group>"; };
		4A3149F019D3CA1100A4EBA4 /* SDWebImageCompat.h */ = {isa = PBXFileReference; fileEncoding = 4; lastKnownFileType = sourcecode.c.h; path = SDWebImageCompat.h; sourceTree = "<group>"; };
		4A3149F119D3CA1100A4EBA4 /* SDWebImageCompat.m */ = {isa = PBXFileReference; fileEncoding = 4; lastKnownFileType = sourcecode.c.objc; path = SDWebImageCompat.m; sourceTree = "<group>"; };
		4A3149F219D3CA1100A4EBA4 /* SDWebImageDecoder.h */ = {isa = PBXFileReference; fileEncoding = 4; lastKnownFileType = sourcecode.c.h; path = SDWebImageDecoder.h; sourceTree = "<group>"; };
		4A3149F319D3CA1100A4EBA4 /* SDWebImageDecoder.m */ = {isa = PBXFileReference; fileEncoding = 4; lastKnownFileType = sourcecode.c.objc; path = SDWebImageDecoder.m; sourceTree = "<group>"; };
		4A3149F419D3CA1100A4EBA4 /* SDWebImageDownloader.h */ = {isa = PBXFileReference; fileEncoding = 4; lastKnownFileType = sourcecode.c.h; path = SDWebImageDownloader.h; sourceTree = "<group>"; };
		4A3149F519D3CA1100A4EBA4 /* SDWebImageDownloader.m */ = {isa = PBXFileReference; fileEncoding = 4; lastKnownFileType = sourcecode.c.objc; path = SDWebImageDownloader.m; sourceTree = "<group>"; };
		4A3149F619D3CA1100A4EBA4 /* SDWebImageDownloaderOperation.h */ = {isa = PBXFileReference; fileEncoding = 4; lastKnownFileType = sourcecode.c.h; path = SDWebImageDownloaderOperation.h; sourceTree = "<group>"; };
		4A3149F719D3CA1100A4EBA4 /* SDWebImageDownloaderOperation.m */ = {isa = PBXFileReference; fileEncoding = 4; lastKnownFileType = sourcecode.c.objc; path = SDWebImageDownloaderOperation.m; sourceTree = "<group>"; };
		4A3149F819D3CA1100A4EBA4 /* SDWebImageManager.h */ = {isa = PBXFileReference; fileEncoding = 4; lastKnownFileType = sourcecode.c.h; path = SDWebImageManager.h; sourceTree = "<group>"; };
		4A3149F919D3CA1100A4EBA4 /* SDWebImageManager.m */ = {isa = PBXFileReference; fileEncoding = 4; lastKnownFileType = sourcecode.c.objc; path = SDWebImageManager.m; sourceTree = "<group>"; };
		4A3149FA19D3CA1100A4EBA4 /* SDWebImageOperation.h */ = {isa = PBXFileReference; fileEncoding = 4; lastKnownFileType = sourcecode.c.h; path = SDWebImageOperation.h; sourceTree = "<group>"; };
		4A3149FB19D3CA1100A4EBA4 /* SDWebImagePrefetcher.h */ = {isa = PBXFileReference; fileEncoding = 4; lastKnownFileType = sourcecode.c.h; path = SDWebImagePrefetcher.h; sourceTree = "<group>"; };
		4A3149FC19D3CA1100A4EBA4 /* SDWebImagePrefetcher.m */ = {isa = PBXFileReference; fileEncoding = 4; lastKnownFileType = sourcecode.c.objc; path = SDWebImagePrefetcher.m; sourceTree = "<group>"; };
		4A3149FD19D3CA1100A4EBA4 /* UIButton+WebCache.h */ = {isa = PBXFileReference; fileEncoding = 4; lastKnownFileType = sourcecode.c.h; path = "UIButton+WebCache.h"; sourceTree = "<group>"; };
		4A3149FE19D3CA1100A4EBA4 /* UIButton+WebCache.m */ = {isa = PBXFileReference; fileEncoding = 4; lastKnownFileType = sourcecode.c.objc; path = "UIButton+WebCache.m"; sourceTree = "<group>"; };
		4A3149FF19D3CA1100A4EBA4 /* UIImage+GIF.h */ = {isa = PBXFileReference; fileEncoding = 4; lastKnownFileType = sourcecode.c.h; path = "UIImage+GIF.h"; sourceTree = "<group>"; };
		4A314A0019D3CA1100A4EBA4 /* UIImage+GIF.m */ = {isa = PBXFileReference; fileEncoding = 4; lastKnownFileType = sourcecode.c.objc; path = "UIImage+GIF.m"; sourceTree = "<group>"; };
		4A314A0119D3CA1100A4EBA4 /* UIImage+MultiFormat.h */ = {isa = PBXFileReference; fileEncoding = 4; lastKnownFileType = sourcecode.c.h; path = "UIImage+MultiFormat.h"; sourceTree = "<group>"; };
		4A314A0219D3CA1100A4EBA4 /* UIImage+MultiFormat.m */ = {isa = PBXFileReference; fileEncoding = 4; lastKnownFileType = sourcecode.c.objc; path = "UIImage+MultiFormat.m"; sourceTree = "<group>"; };
		4A314A0319D3CA1100A4EBA4 /* UIImage+WebP.h */ = {isa = PBXFileReference; fileEncoding = 4; lastKnownFileType = sourcecode.c.h; path = "UIImage+WebP.h"; sourceTree = "<group>"; };
		4A314A0419D3CA1100A4EBA4 /* UIImage+WebP.m */ = {isa = PBXFileReference; fileEncoding = 4; lastKnownFileType = sourcecode.c.objc; path = "UIImage+WebP.m"; sourceTree = "<group>"; };
		4A314A0519D3CA1100A4EBA4 /* UIImageView+HighlightedWebCache.h */ = {isa = PBXFileReference; fileEncoding = 4; lastKnownFileType = sourcecode.c.h; path = "UIImageView+HighlightedWebCache.h"; sourceTree = "<group>"; };
		4A314A0619D3CA1100A4EBA4 /* UIImageView+HighlightedWebCache.m */ = {isa = PBXFileReference; fileEncoding = 4; lastKnownFileType = sourcecode.c.objc; path = "UIImageView+HighlightedWebCache.m"; sourceTree = "<group>"; };
		4A314A0719D3CA1100A4EBA4 /* UIImageView+WebCache.h */ = {isa = PBXFileReference; fileEncoding = 4; lastKnownFileType = sourcecode.c.h; path = "UIImageView+WebCache.h"; sourceTree = "<group>"; };
		4A314A0819D3CA1100A4EBA4 /* UIImageView+WebCache.m */ = {isa = PBXFileReference; fileEncoding = 4; lastKnownFileType = sourcecode.c.objc; path = "UIImageView+WebCache.m"; sourceTree = "<group>"; };
		4A314A0919D3CA1100A4EBA4 /* UIView+WebCacheOperation.h */ = {isa = PBXFileReference; fileEncoding = 4; lastKnownFileType = sourcecode.c.h; path = "UIView+WebCacheOperation.h"; sourceTree = "<group>"; };
		4A314A0A19D3CA1100A4EBA4 /* UIView+WebCacheOperation.m */ = {isa = PBXFileReference; fileEncoding = 4; lastKnownFileType = sourcecode.c.objc; path = "UIView+WebCacheOperation.m"; sourceTree = "<group>"; };
		4A61A7151A6DE79D002D3E2E /* AGRemoteUnit.h */ = {isa = PBXFileReference; fileEncoding = 4; lastKnownFileType = sourcecode.c.h; path = AGRemoteUnit.h; sourceTree = "<group>"; };
		4A61A7161A6DE79D002D3E2E /* AGRemoteUnit.m */ = {isa = PBXFileReference; fileEncoding = 4; lastKnownFileType = sourcecode.c.objc; path = AGRemoteUnit.m; sourceTree = "<group>"; };
		4AD7D1C819D1064A00D7F178 /* libAGNetwork.a */ = {isa = PBXFileReference; explicitFileType = archive.ar; includeInIndex = 0; path = libAGNetwork.a; sourceTree = BUILT_PRODUCTS_DIR; };
		4AD7D1D319D1064A00D7F178 /* AGNetworkTests.xctest */ = {isa = PBXFileReference; explicitFileType = wrapper.cfbundle; includeInIndex = 0; path = AGNetworkTests.xctest; sourceTree = BUILT_PRODUCTS_DIR; };
		4AD7D1D619D1064A00D7F178 /* Info.plist */ = {isa = PBXFileReference; lastKnownFileType = text.plist.xml; path = Info.plist; sourceTree = "<group>"; };
		4AD7D1E119D1083200D7F178 /* AGHTTPClient.h */ = {isa = PBXFileReference; fileEncoding = 4; lastKnownFileType = sourcecode.c.h; path = AGHTTPClient.h; sourceTree = "<group>"; };
		4AD7D1E219D1083200D7F178 /* AGHTTPClient.m */ = {isa = PBXFileReference; fileEncoding = 4; lastKnownFileType = sourcecode.c.objc; path = AGHTTPClient.m; sourceTree = "<group>"; };
		4AD7D1E319D1083200D7F178 /* AGRemoter.h */ = {isa = PBXFileReference; fileEncoding = 4; lastKnownFileType = sourcecode.c.h; path = AGRemoter.h; sourceTree = "<group>"; };
		4AD7D1E419D1083200D7F178 /* AGRemoter.m */ = {isa = PBXFileReference; fileEncoding = 4; lastKnownFileType = sourcecode.c.objc; path = AGRemoter.m; sourceTree = "<group>"; };
		4AD7D1E719D1091300D7F178 /* DSRequest.h */ = {isa = PBXFileReference; fileEncoding = 4; lastKnownFileType = sourcecode.c.h; path = DSRequest.h; sourceTree = "<group>"; };
		4AD7D1E819D1091300D7F178 /* DSRequest.m */ = {isa = PBXFileReference; fileEncoding = 4; lastKnownFileType = sourcecode.c.objc; path = DSRequest.m; sourceTree = "<group>"; };
		4AD7D1EA19D1096500D7F178 /* AGMonitor.h */ = {isa = PBXFileReference; fileEncoding = 4; lastKnownFileType = sourcecode.c.h; path = AGMonitor.h; sourceTree = "<group>"; };
		4AD7D1EB19D1096500D7F178 /* AGMonitor.m */ = {isa = PBXFileReference; fileEncoding = 4; lastKnownFileType = sourcecode.c.objc; path = AGMonitor.m; sourceTree = "<group>"; };
		4AD7D1EC19D1096500D7F178 /* AGRemoterResult.h */ = {isa = PBXFileReference; fileEncoding = 4; lastKnownFileType = sourcecode.c.h; path = AGRemoterResult.h; sourceTree = "<group>"; };
		4AD7D1ED19D1096500D7F178 /* AGRemoterResult.m */ = {isa = PBXFileReference; fileEncoding = 4; lastKnownFileType = sourcecode.c.objc; path = AGRemoterResult.m; sourceTree = "<group>"; };
		4AD7D1EE19D1096500D7F178 /* AGRemoterResultError.h */ = {isa = PBXFileReference; fileEncoding = 4; lastKnownFileType = sourcecode.c.h; path = AGRemoterResultError.h; sourceTree = "<group>"; };
		4AD7D1EF19D1096500D7F178 /* AGRemoterResultError.m */ = {isa = PBXFileReference; fileEncoding = 4; lastKnownFileType = sourcecode.c.objc; path = AGRemoterResultError.m; sourceTree = "<group>"; };
		4AD7D20219D10BA500D7F178 /* Flurry.h */ = {isa = PBXFileReference; fileEncoding = 4; lastKnownFileType = sourcecode.c.h; path = Flurry.h; sourceTree = "<group>"; };
		4AD7D20319D10BA500D7F178 /* libFlurry_5.3.0.a */ = {isa = PBXFileReference; lastKnownFileType = archive.ar; path = libFlurry_5.3.0.a; sourceTree = "<group>"; };
		4AD7D20619D10C9900D7F178 /* NSObject+Singleton.h */ = {isa = PBXFileReference; fileEncoding = 4; lastKnownFileType = sourcecode.c.h; path = "NSObject+Singleton.h"; sourceTree = "<group>"; };
		4AD7D20719D10C9900D7F178 /* NSObject+Singleton.m */ = {isa = PBXFileReference; fileEncoding = 4; lastKnownFileType = sourcecode.c.objc; path = "NSObject+Singleton.m"; sourceTree = "<group>"; };
		4AD7D20B19D1106300D7F178 /* AGNetworkMacro.h */ = {isa = PBXFileReference; fileEncoding = 4; lastKnownFileType = sourcecode.c.h; path = AGNetworkMacro.h; sourceTree = "<group>"; };
		4AD7D21A19D1141400D7F178 /* AFHTTPClient.h */ = {isa = PBXFileReference; fileEncoding = 4; lastKnownFileType = sourcecode.c.h; path = AFHTTPClient.h; sourceTree = "<group>"; };
		4AD7D21B19D1141400D7F178 /* AFHTTPClient.m */ = {isa = PBXFileReference; fileEncoding = 4; lastKnownFileType = sourcecode.c.objc; path = AFHTTPClient.m; sourceTree = "<group>"; };
		4AD7D21C19D1141400D7F178 /* AFHTTPRequestOperation.h */ = {isa = PBXFileReference; fileEncoding = 4; lastKnownFileType = sourcecode.c.h; path = AFHTTPRequestOperation.h; sourceTree = "<group>"; };
		4AD7D21D19D1141400D7F178 /* AFHTTPRequestOperation.m */ = {isa = PBXFileReference; fileEncoding = 4; lastKnownFileType = sourcecode.c.objc; path = AFHTTPRequestOperation.m; sourceTree = "<group>"; };
		4AD7D21E19D1141400D7F178 /* AFImageRequestOperation.h */ = {isa = PBXFileReference; fileEncoding = 4; lastKnownFileType = sourcecode.c.h; path = AFImageRequestOperation.h; sourceTree = "<group>"; };
		4AD7D21F19D1141400D7F178 /* AFImageRequestOperation.m */ = {isa = PBXFileReference; fileEncoding = 4; lastKnownFileType = sourcecode.c.objc; path = AFImageRequestOperation.m; sourceTree = "<group>"; };
		4AD7D22019D1141400D7F178 /* AFJSONRequestOperation.h */ = {isa = PBXFileReference; fileEncoding = 4; lastKnownFileType = sourcecode.c.h; path = AFJSONRequestOperation.h; sourceTree = "<group>"; };
		4AD7D22119D1141400D7F178 /* AFJSONRequestOperation.m */ = {isa = PBXFileReference; fileEncoding = 4; lastKnownFileType = sourcecode.c.objc; path = AFJSONRequestOperation.m; sourceTree = "<group>"; };
		4AD7D22219D1141400D7F178 /* AFNetworkActivityIndicatorManager.h */ = {isa = PBXFileReference; fileEncoding = 4; lastKnownFileType = sourcecode.c.h; path = AFNetworkActivityIndicatorManager.h; sourceTree = "<group>"; };
		4AD7D22319D1141400D7F178 /* AFNetworkActivityIndicatorManager.m */ = {isa = PBXFileReference; fileEncoding = 4; lastKnownFileType = sourcecode.c.objc; path = AFNetworkActivityIndicatorManager.m; sourceTree = "<group>"; };
		4AD7D22419D1141400D7F178 /* AFNetworking.h */ = {isa = PBXFileReference; fileEncoding = 4; lastKnownFileType = sourcecode.c.h; path = AFNetworking.h; sourceTree = "<group>"; };
		4AD7D22519D1141400D7F178 /* AFPropertyListRequestOperation.h */ = {isa = PBXFileReference; fileEncoding = 4; lastKnownFileType = sourcecode.c.h; path = AFPropertyListRequestOperation.h; sourceTree = "<group>"; };
		4AD7D22619D1141400D7F178 /* AFPropertyListRequestOperation.m */ = {isa = PBXFileReference; fileEncoding = 4; lastKnownFileType = sourcecode.c.objc; path = AFPropertyListRequestOperation.m; sourceTree = "<group>"; };
		4AD7D22719D1141400D7F178 /* AFURLConnectionOperation.h */ = {isa = PBXFileReference; fileEncoding = 4; lastKnownFileType = sourcecode.c.h; path = AFURLConnectionOperation.h; sourceTree = "<group>"; };
		4AD7D22819D1141400D7F178 /* AFURLConnectionOperation.m */ = {isa = PBXFileReference; fileEncoding = 4; lastKnownFileType = sourcecode.c.objc; path = AFURLConnectionOperation.m; sourceTree = "<group>"; };
		4AD7D22919D1141400D7F178 /* AFXMLRequestOperation.h */ = {isa = PBXFileReference; fileEncoding = 4; lastKnownFileType = sourcecode.c.h; path = AFXMLRequestOperation.h; sourceTree = "<group>"; };
		4AD7D22A19D1141400D7F178 /* AFXMLRequestOperation.m */ = {isa = PBXFileReference; fileEncoding = 4; lastKnownFileType = sourcecode.c.objc; path = AFXMLRequestOperation.m; sourceTree = "<group>"; };
		4AD7D22B19D1141400D7F178 /* UIImageView+AFNetworking.h */ = {isa = PBXFileReference; fileEncoding = 4; lastKnownFileType = sourcecode.c.h; path = "UIImageView+AFNetworking.h"; sourceTree = "<group>"; };
		4AD7D22C19D1141400D7F178 /* UIImageView+AFNetworking.m */ = {isa = PBXFileReference; fileEncoding = 4; lastKnownFileType = sourcecode.c.objc; path = "UIImageView+AFNetworking.m"; sourceTree = "<group>"; };
		4AD7D23619D1150200D7F178 /* SystemConfiguration.framework */ = {isa = PBXFileReference; lastKnownFileType = wrapper.framework; name = SystemConfiguration.framework; path = System/Library/Frameworks/SystemConfiguration.framework; sourceTree = SDKROOT; };
		4AD7D23819D1150700D7F178 /* MobileCoreServices.framework */ = {isa = PBXFileReference; lastKnownFileType = wrapper.framework; name = MobileCoreServices.framework; path = System/Library/Frameworks/MobileCoreServices.framework; sourceTree = SDKROOT; };
		4AD7D26319D11D6D00D7F178 /* liblibOpen.a */ = {isa = PBXFileReference; lastKnownFileType = archive.ar; name = liblibOpen.a; path = "../libOpen/build/Debug-iphoneos/liblibOpen.a"; sourceTree = "<group>"; };
		4AD7D26C19D11EDF00D7F178 /* GlobalDefine.h */ = {isa = PBXFileReference; fileEncoding = 4; lastKnownFileType = sourcecode.c.h; name = GlobalDefine.h; path = ../../libOpen/libOpen/GlobalDefine.h; sourceTree = "<group>"; };
		4AD7D26D19D11EF300D7F178 /* DSValueUtil.h */ = {isa = PBXFileReference; fileEncoding = 4; lastKnownFileType = sourcecode.c.h; name = DSValueUtil.h; path = ../../libOpen/libOpen/DSValueUtil.h; sourceTree = "<group>"; };
		4AD7D26E19D11EF300D7F178 /* DSValueUtil.m */ = {isa = PBXFileReference; fileEncoding = 4; lastKnownFileType = sourcecode.c.objc; name = DSValueUtil.m; path = ../../libOpen/libOpen/DSValueUtil.m; sourceTree = "<group>"; };
		4AD7D27019D11F0400D7F178 /* DSDeviceUtil.h */ = {isa = PBXFileReference; fileEncoding = 4; lastKnownFileType = sourcecode.c.h; name = DSDeviceUtil.h; path = ../../libOpen/libOpen/DSDeviceUtil.h; sourceTree = "<group>"; };
		4AD7D27119D11F0400D7F178 /* DSDeviceUtil.m */ = {isa = PBXFileReference; fileEncoding = 4; lastKnownFileType = sourcecode.c.objc; name = DSDeviceUtil.m; path = ../../libOpen/libOpen/DSDeviceUtil.m; sourceTree = "<group>"; };
		4AD7D27B19D149AF00D7F178 /* AGModel.h */ = {isa = PBXFileReference; fileEncoding = 4; lastKnownFileType = sourcecode.c.h; name = AGModel.h; path = ../../libOpen/libOpen/AGModel.h; sourceTree = "<group>"; };
		4AD7D27C19D149AF00D7F178 /* AGModel.m */ = {isa = PBXFileReference; fileEncoding = 4; lastKnownFileType = sourcecode.c.objc; name = AGModel.m; path = ../../libOpen/libOpen/AGModel.m; sourceTree = "<group>"; };
		4AD7D28019D151A100D7F178 /* AGNetworkConfig.h */ = {isa = PBXFileReference; fileEncoding = 4; lastKnownFileType = sourcecode.c.h; path = AGNetworkConfig.h; sourceTree = "<group>"; };
		4AD7D28119D151A100D7F178 /* AGNetworkConfig.m */ = {isa = PBXFileReference; fileEncoding = 4; lastKnownFileType = sourcecode.c.objc; path = AGNetworkConfig.m; sourceTree = "<group>"; };
		4AD7D29819D167C100D7F178 /* DSReachabilityManager.h */ = {isa = PBXFileReference; fileEncoding = 4; lastKnownFileType = sourcecode.c.h; path = DSReachabilityManager.h; sourceTree = "<group>"; };
		4AD7D29919D167C100D7F178 /* DSReachabilityManager.m */ = {isa = PBXFileReference; fileEncoding = 4; lastKnownFileType = sourcecode.c.objc; path = DSReachabilityManager.m; sourceTree = "<group>"; };
		4AD7D29F19D1680600D7F178 /* Reachability.h */ = {isa = PBXFileReference; fileEncoding = 4; lastKnownFileType = sourcecode.c.h; path = Reachability.h; sourceTree = "<group>"; };
		4AD7D2A019D1680600D7F178 /* Reachability.m */ = {isa = PBXFileReference; fileEncoding = 4; lastKnownFileType = sourcecode.c.objc; path = Reachability.m; sourceTree = "<group>"; };
		53023C4A8F9F42CB99D7BF8E /* libPods.a */ = {isa = PBXFileReference; explicitFileType = archive.ar; includeInIndex = 0; path = libPods.a; sourceTree = BUILT_PRODUCTS_DIR; };
/* End PBXFileReference section */

/* Begin PBXFrameworksBuildPhase section */
		4AD7D1C519D1064A00D7F178 /* Frameworks */ = {
			isa = PBXFrameworksBuildPhase;
			buildActionMask = 2147483647;
			files = (
				4AD7D23919D1150700D7F178 /* MobileCoreServices.framework in Frameworks */,
				4AD7D23719D1150200D7F178 /* SystemConfiguration.framework in Frameworks */,
				4AD7D20419D10BA500D7F178 /* libFlurry_5.3.0.a in Frameworks */,
			);
			runOnlyForDeploymentPostprocessing = 0;
		};
		4AD7D1D019D1064A00D7F178 /* Frameworks */ = {
			isa = PBXFrameworksBuildPhase;
			buildActionMask = 2147483647;
			files = (
			);
			runOnlyForDeploymentPostprocessing = 0;
		};
/* End PBXFrameworksBuildPhase section */

/* Begin PBXGroup section */
		4A3149E919D3CA1100A4EBA4 /* SDWebImage */ = {
			isa = PBXGroup;
			children = (
				4A3149EA19D3CA1100A4EBA4 /* MKAnnotationView+WebCache.h */,
				4A3149EB19D3CA1100A4EBA4 /* MKAnnotationView+WebCache.m */,
				4A3149EC19D3CA1100A4EBA4 /* NSData+ImageContentType.h */,
				4A3149ED19D3CA1100A4EBA4 /* NSData+ImageContentType.m */,
				4A3149EE19D3CA1100A4EBA4 /* SDImageCache.h */,
				4A3149EF19D3CA1100A4EBA4 /* SDImageCache.m */,
				4A3149F019D3CA1100A4EBA4 /* SDWebImageCompat.h */,
				4A3149F119D3CA1100A4EBA4 /* SDWebImageCompat.m */,
				4A3149F219D3CA1100A4EBA4 /* SDWebImageDecoder.h */,
				4A3149F319D3CA1100A4EBA4 /* SDWebImageDecoder.m */,
				4A3149F419D3CA1100A4EBA4 /* SDWebImageDownloader.h */,
				4A3149F519D3CA1100A4EBA4 /* SDWebImageDownloader.m */,
				4A3149F619D3CA1100A4EBA4 /* SDWebImageDownloaderOperation.h */,
				4A3149F719D3CA1100A4EBA4 /* SDWebImageDownloaderOperation.m */,
				4A3149F819D3CA1100A4EBA4 /* SDWebImageManager.h */,
				4A3149F919D3CA1100A4EBA4 /* SDWebImageManager.m */,
				4A3149FA19D3CA1100A4EBA4 /* SDWebImageOperation.h */,
				4A3149FB19D3CA1100A4EBA4 /* SDWebImagePrefetcher.h */,
				4A3149FC19D3CA1100A4EBA4 /* SDWebImagePrefetcher.m */,
				4A3149FD19D3CA1100A4EBA4 /* UIButton+WebCache.h */,
				4A3149FE19D3CA1100A4EBA4 /* UIButton+WebCache.m */,
				4A3149FF19D3CA1100A4EBA4 /* UIImage+GIF.h */,
				4A314A0019D3CA1100A4EBA4 /* UIImage+GIF.m */,
				4A314A0119D3CA1100A4EBA4 /* UIImage+MultiFormat.h */,
				4A314A0219D3CA1100A4EBA4 /* UIImage+MultiFormat.m */,
				4A314A0319D3CA1100A4EBA4 /* UIImage+WebP.h */,
				4A314A0419D3CA1100A4EBA4 /* UIImage+WebP.m */,
				4A314A0519D3CA1100A4EBA4 /* UIImageView+HighlightedWebCache.h */,
				4A314A0619D3CA1100A4EBA4 /* UIImageView+HighlightedWebCache.m */,
				4A314A0719D3CA1100A4EBA4 /* UIImageView+WebCache.h */,
				4A314A0819D3CA1100A4EBA4 /* UIImageView+WebCache.m */,
				4A314A0919D3CA1100A4EBA4 /* UIView+WebCacheOperation.h */,
				4A314A0A19D3CA1100A4EBA4 /* UIView+WebCacheOperation.m */,
			);
			path = SDWebImage;
			sourceTree = "<group>";
		};
		4AD7D1BF19D1064A00D7F178 = {
			isa = PBXGroup;
			children = (
				4AD7D1CA19D1064A00D7F178 /* AGNetwork */,
				4AD7D1D419D1064A00D7F178 /* AGNetworkTests */,
				4AD7D1C919D1064A00D7F178 /* Products */,
				4AD7D20019D10BA500D7F178 /* Shared3rd */,
				4AD7D26519D11E8C00D7F178 /* SharedLibs */,
				E80D8FBEA8ED450FAF647832 /* Frameworks */,
			);
			sourceTree = "<group>";
		};
		4AD7D1C919D1064A00D7F178 /* Products */ = {
			isa = PBXGroup;
			children = (
				4AD7D1C819D1064A00D7F178 /* libAGNetwork.a */,
				4AD7D1D319D1064A00D7F178 /* AGNetworkTests.xctest */,
			);
			name = Products;
			sourceTree = "<group>";
		};
		4AD7D1CA19D1064A00D7F178 /* AGNetwork */ = {
			isa = PBXGroup;
			children = (
				4A61A7151A6DE79D002D3E2E /* AGRemoteUnit.h */,
				4A61A7161A6DE79D002D3E2E /* AGRemoteUnit.m */,
				4AD7D29819D167C100D7F178 /* DSReachabilityManager.h */,
				4AD7D29919D167C100D7F178 /* DSReachabilityManager.m */,
				4AD7D1E719D1091300D7F178 /* DSRequest.h */,
				4AD7D1E819D1091300D7F178 /* DSRequest.m */,
				4AD7D1E119D1083200D7F178 /* AGHTTPClient.h */,
				4AD7D1E219D1083200D7F178 /* AGHTTPClient.m */,
				4AD7D1E319D1083200D7F178 /* AGRemoter.h */,
				4AD7D1E419D1083200D7F178 /* AGRemoter.m */,
				4AD7D1EA19D1096500D7F178 /* AGMonitor.h */,
				4AD7D1EB19D1096500D7F178 /* AGMonitor.m */,
				4AD7D1EC19D1096500D7F178 /* AGRemoterResult.h */,
				4AD7D1ED19D1096500D7F178 /* AGRemoterResult.m */,
				4AD7D1EE19D1096500D7F178 /* AGRemoterResultError.h */,
				4AD7D1EF19D1096500D7F178 /* AGRemoterResultError.m */,
				4AD7D20B19D1106300D7F178 /* AGNetworkMacro.h */,
				4AD7D28019D151A100D7F178 /* AGNetworkConfig.h */,
				4AD7D28119D151A100D7F178 /* AGNetworkConfig.m */,
			);
			path = AGNetwork;
			sourceTree = "<group>";
		};
		4AD7D1D419D1064A00D7F178 /* AGNetworkTests */ = {
			isa = PBXGroup;
			children = (
				4AD7D1D519D1064A00D7F178 /* Supporting Files */,
			);
			path = AGNetworkTests;
			sourceTree = "<group>";
		};
		4AD7D1D519D1064A00D7F178 /* Supporting Files */ = {
			isa = PBXGroup;
			children = (
				4AD7D1D619D1064A00D7F178 /* Info.plist */,
			);
			name = "Supporting Files";
			sourceTree = "<group>";
		};
		4AD7D20019D10BA500D7F178 /* Shared3rd */ = {
			isa = PBXGroup;
			children = (
				4A3149E919D3CA1100A4EBA4 /* SDWebImage */,
				4AD7D29E19D1680600D7F178 /* Reachability */,
				4AD7D21919D1141400D7F178 /* AFNetworking */,
				4AD7D20519D10C9900D7F178 /* NSObject+Singleton */,
				4AD7D20119D10BA500D7F178 /* Flurry */,
			);
			path = Shared3rd;
			sourceTree = "<group>";
		};
		4AD7D20119D10BA500D7F178 /* Flurry */ = {
			isa = PBXGroup;
			children = (
				4AD7D20219D10BA500D7F178 /* Flurry.h */,
				4AD7D20319D10BA500D7F178 /* libFlurry_5.3.0.a */,
			);
			path = Flurry;
			sourceTree = "<group>";
		};
		4AD7D20519D10C9900D7F178 /* NSObject+Singleton */ = {
			isa = PBXGroup;
			children = (
				4AD7D20619D10C9900D7F178 /* NSObject+Singleton.h */,
				4AD7D20719D10C9900D7F178 /* NSObject+Singleton.m */,
			);
			path = "NSObject+Singleton";
			sourceTree = "<group>";
		};
		4AD7D21919D1141400D7F178 /* AFNetworking */ = {
			isa = PBXGroup;
			children = (
				4AD7D21A19D1141400D7F178 /* AFHTTPClient.h */,
				4AD7D21B19D1141400D7F178 /* AFHTTPClient.m */,
				4AD7D21C19D1141400D7F178 /* AFHTTPRequestOperation.h */,
				4AD7D21D19D1141400D7F178 /* AFHTTPRequestOperation.m */,
				4AD7D21E19D1141400D7F178 /* AFImageRequestOperation.h */,
				4AD7D21F19D1141400D7F178 /* AFImageRequestOperation.m */,
				4AD7D22019D1141400D7F178 /* AFJSONRequestOperation.h */,
				4AD7D22119D1141400D7F178 /* AFJSONRequestOperation.m */,
				4AD7D22219D1141400D7F178 /* AFNetworkActivityIndicatorManager.h */,
				4AD7D22319D1141400D7F178 /* AFNetworkActivityIndicatorManager.m */,
				4AD7D22419D1141400D7F178 /* AFNetworking.h */,
				4AD7D22519D1141400D7F178 /* AFPropertyListRequestOperation.h */,
				4AD7D22619D1141400D7F178 /* AFPropertyListRequestOperation.m */,
				4AD7D22719D1141400D7F178 /* AFURLConnectionOperation.h */,
				4AD7D22819D1141400D7F178 /* AFURLConnectionOperation.m */,
				4AD7D22919D1141400D7F178 /* AFXMLRequestOperation.h */,
				4AD7D22A19D1141400D7F178 /* AFXMLRequestOperation.m */,
				4AD7D22B19D1141400D7F178 /* UIImageView+AFNetworking.h */,
				4AD7D22C19D1141400D7F178 /* UIImageView+AFNetworking.m */,
			);
			path = AFNetworking;
			sourceTree = "<group>";
		};
		4AD7D26519D11E8C00D7F178 /* SharedLibs */ = {
			isa = PBXGroup;
			children = (
				4AD7D27B19D149AF00D7F178 /* AGModel.h */,
				4AD7D27C19D149AF00D7F178 /* AGModel.m */,
				4AD7D27019D11F0400D7F178 /* DSDeviceUtil.h */,
				4AD7D27119D11F0400D7F178 /* DSDeviceUtil.m */,
				4AD7D26D19D11EF300D7F178 /* DSValueUtil.h */,
				4AD7D26E19D11EF300D7F178 /* DSValueUtil.m */,
				4AD7D26C19D11EDF00D7F178 /* GlobalDefine.h */,
			);
			path = SharedLibs;
			sourceTree = "<group>";
		};
		4AD7D29E19D1680600D7F178 /* Reachability */ = {
			isa = PBXGroup;
			children = (
				4AD7D29F19D1680600D7F178 /* Reachability.h */,
				4AD7D2A019D1680600D7F178 /* Reachability.m */,
			);
			path = Reachability;
			sourceTree = "<group>";
		};
		E80D8FBEA8ED450FAF647832 /* Frameworks */ = {
			isa = PBXGroup;
			children = (
				4AD7D26319D11D6D00D7F178 /* liblibOpen.a */,
				4AD7D23819D1150700D7F178 /* MobileCoreServices.framework */,
				4AD7D23619D1150200D7F178 /* SystemConfiguration.framework */,
				53023C4A8F9F42CB99D7BF8E /* libPods.a */,
			);
			name = Frameworks;
			sourceTree = "<group>";
		};
/* End PBXGroup section */

/* Begin PBXNativeTarget section */
		4AD7D1C719D1064A00D7F178 /* AGNetwork */ = {
			isa = PBXNativeTarget;
			buildConfigurationList = 4AD7D1D919D1064A00D7F178 /* Build configuration list for PBXNativeTarget "AGNetwork" */;
			buildPhases = (
				4AD7D1C419D1064A00D7F178 /* Sources */,
				4AD7D1C519D1064A00D7F178 /* Frameworks */,
				4AD7D1C619D1064A00D7F178 /* CopyFiles */,
			);
			buildRules = (
			);
			dependencies = (
			);
			name = AGNetwork;
			productName = AGNetwork;
			productReference = 4AD7D1C819D1064A00D7F178 /* libAGNetwork.a */;
			productType = "com.apple.product-type.library.static";
		};
		4AD7D1D219D1064A00D7F178 /* AGNetworkTests */ = {
			isa = PBXNativeTarget;
			buildConfigurationList = 4AD7D1DC19D1064A00D7F178 /* Build configuration list for PBXNativeTarget "AGNetworkTests" */;
			buildPhases = (
				4AD7D1CF19D1064A00D7F178 /* Sources */,
				4AD7D1D019D1064A00D7F178 /* Frameworks */,
				4AD7D1D119D1064A00D7F178 /* Resources */,
			);
			buildRules = (
			);
			dependencies = (
			);
			name = AGNetworkTests;
			productName = AGNetworkTests;
			productReference = 4AD7D1D319D1064A00D7F178 /* AGNetworkTests.xctest */;
			productType = "com.apple.product-type.bundle.unit-test";
		};
/* End PBXNativeTarget section */

/* Begin PBXProject section */
		4AD7D1C019D1064A00D7F178 /* Project object */ = {
			isa = PBXProject;
			attributes = {
				LastUpgradeCheck = 0600;
				ORGANIZATIONNAME = AboveGEM;
				TargetAttributes = {
					4AD7D1C719D1064A00D7F178 = {
						CreatedOnToolsVersion = 6.0.1;
					};
					4AD7D1D219D1064A00D7F178 = {
						CreatedOnToolsVersion = 6.0.1;
					};
				};
			};
			buildConfigurationList = 4AD7D1C319D1064A00D7F178 /* Build configuration list for PBXProject "AGNetwork" */;
			compatibilityVersion = "Xcode 3.2";
			developmentRegion = English;
			hasScannedForEncodings = 0;
			knownRegions = (
				en,
			);
			mainGroup = 4AD7D1BF19D1064A00D7F178;
			productRefGroup = 4AD7D1C919D1064A00D7F178 /* Products */;
			projectDirPath = "";
			projectRoot = "";
			targets = (
				4AD7D1C719D1064A00D7F178 /* AGNetwork */,
				4AD7D1D219D1064A00D7F178 /* AGNetworkTests */,
			);
		};
/* End PBXProject section */

/* Begin PBXResourcesBuildPhase section */
		4AD7D1D119D1064A00D7F178 /* Resources */ = {
			isa = PBXResourcesBuildPhase;
			buildActionMask = 2147483647;
			files = (
			);
			runOnlyForDeploymentPostprocessing = 0;
		};
/* End PBXResourcesBuildPhase section */

/* Begin PBXSourcesBuildPhase section */
		4AD7D1C419D1064A00D7F178 /* Sources */ = {
			isa = PBXSourcesBuildPhase;
			buildActionMask = 2147483647;
			files = (
				4AD7D26219D11D5600D7F178 /* NSObject+Singleton.m in Sources */,
				4A314A1319D3CA1100A4EBA4 /* SDWebImagePrefetcher.m in Sources */,
				4AD7D26119D11D3B00D7F178 /* AGHTTPClient.m in Sources */,
				4A314A1719D3CA1100A4EBA4 /* UIImage+WebP.m in Sources */,
				4A314A1919D3CA1100A4EBA4 /* UIImageView+WebCache.m in Sources */,
				4A314A1119D3CA1100A4EBA4 /* SDWebImageDownloaderOperation.m in Sources */,
				4AD7D25A19D11D0800D7F178 /* AFHTTPRequestOperation.m in Sources */,
				4A314A1819D3CA1100A4EBA4 /* UIImageView+HighlightedWebCache.m in Sources */,
				4AD7D25B19D11D0800D7F178 /* AFImageRequestOperation.m in Sources */,
				4A314A0F19D3CA1100A4EBA4 /* SDWebImageDecoder.m in Sources */,
				4A314A0C19D3CA1100A4EBA4 /* NSData+ImageContentType.m in Sources */,
				4AD7D25C19D11D0800D7F178 /* AFJSONRequestOperation.m in Sources */,
				4AD7D25D19D11D0800D7F178 /* AFPropertyListRequestOperation.m in Sources */,
				4A314A0D19D3CA1100A4EBA4 /* SDImageCache.m in Sources */,
				4AD7D25E19D11D0800D7F178 /* AFURLConnectionOperation.m in Sources */,
				4AD7D25F19D11D0800D7F178 /* AFXMLRequestOperation.m in Sources */,
				4A314A1219D3CA1100A4EBA4 /* SDWebImageManager.m in Sources */,
				4A314A1A19D3CA1100A4EBA4 /* UIView+WebCacheOperation.m in Sources */,
				4AD7D26019D11D0800D7F178 /* UIImageView+AFNetworking.m in Sources */,
				4AD7D25919D11CF700D7F178 /* AFNetworkActivityIndicatorManager.m in Sources */,
				4AD7D2A119D1680600D7F178 /* Reachability.m in Sources */,
				4A314A1019D3CA1100A4EBA4 /* SDWebImageDownloader.m in Sources */,
				4A314A1519D3CA1100A4EBA4 /* UIImage+GIF.m in Sources */,
				4AD7D25819D11CEF00D7F178 /* AFHTTPClient.m in Sources */,
				4AD7D29A19D167C100D7F178 /* DSReachabilityManager.m in Sources */,
				4A314A0B19D3CA1100A4EBA4 /* MKAnnotationView+WebCache.m in Sources */,
				4AD7D1F219D1096500D7F178 /* AGRemoterResultError.m in Sources */,
				4AD7D28219D151A100D7F178 /* AGNetworkConfig.m in Sources */,
				4A314A1619D3CA1100A4EBA4 /* UIImage+MultiFormat.m in Sources */,
				4AD7D1F019D1096500D7F178 /* AGMonitor.m in Sources */,
				4A314A0E19D3CA1100A4EBA4 /* SDWebImageCompat.m in Sources */,
				4A61A7171A6DE79D002D3E2E /* AGRemoteUnit.m in Sources */,
				4AD7D1E919D1091300D7F178 /* DSRequest.m in Sources */,
				4AD7D1E619D1083200D7F178 /* AGRemoter.m in Sources */,
				4A314A1419D3CA1100A4EBA4 /* UIButton+WebCache.m in Sources */,
				4AD7D1F119D1096500D7F178 /* AGRemoterResult.m in Sources */,
			);
			runOnlyForDeploymentPostprocessing = 0;
		};
		4AD7D1CF19D1064A00D7F178 /* Sources */ = {
			isa = PBXSourcesBuildPhase;
			buildActionMask = 2147483647;
			files = (
			);
			runOnlyForDeploymentPostprocessing = 0;
		};
/* End PBXSourcesBuildPhase section */

/* Begin XCBuildConfiguration section */
		4AD7D1D719D1064A00D7F178 /* Debug */ = {
			isa = XCBuildConfiguration;
			buildSettings = {
				ALWAYS_SEARCH_USER_PATHS = NO;
				CLANG_CXX_LANGUAGE_STANDARD = "gnu++0x";
				CLANG_CXX_LIBRARY = "libc++";
				CLANG_ENABLE_MODULES = YES;
				CLANG_ENABLE_OBJC_ARC = YES;
				CLANG_WARN_BOOL_CONVERSION = YES;
				CLANG_WARN_CONSTANT_CONVERSION = YES;
				CLANG_WARN_DIRECT_OBJC_ISA_USAGE = YES_ERROR;
				CLANG_WARN_EMPTY_BODY = YES;
				CLANG_WARN_ENUM_CONVERSION = YES;
				CLANG_WARN_INT_CONVERSION = YES;
				CLANG_WARN_OBJC_ROOT_CLASS = YES_ERROR;
				CLANG_WARN_UNREACHABLE_CODE = YES;
				CLANG_WARN__DUPLICATE_METHOD_MATCH = YES;
				COPY_PHASE_STRIP = NO;
				ENABLE_STRICT_OBJC_MSGSEND = YES;
				GCC_C_LANGUAGE_STANDARD = gnu99;
				GCC_DYNAMIC_NO_PIC = NO;
				GCC_OPTIMIZATION_LEVEL = 0;
				GCC_PREPROCESSOR_DEFINITIONS = (
					"DEBUG=1",
					"$(inherited)",
				);
				GCC_SYMBOLS_PRIVATE_EXTERN = NO;
				GCC_WARN_64_TO_32_BIT_CONVERSION = YES;
				GCC_WARN_ABOUT_RETURN_TYPE = YES_ERROR;
				GCC_WARN_UNDECLARED_SELECTOR = YES;
				GCC_WARN_UNINITIALIZED_AUTOS = YES_AGGRESSIVE;
				GCC_WARN_UNUSED_FUNCTION = YES;
				GCC_WARN_UNUSED_VARIABLE = YES;
				IPHONEOS_DEPLOYMENT_TARGET = 8.0;
				MTL_ENABLE_DEBUG_INFO = YES;
				ONLY_ACTIVE_ARCH = YES;
				SDKROOT = iphoneos;
			};
			name = Debug;
		};
		4AD7D1D819D1064A00D7F178 /* Release */ = {
			isa = XCBuildConfiguration;
			buildSettings = {
				ALWAYS_SEARCH_USER_PATHS = NO;
				CLANG_CXX_LANGUAGE_STANDARD = "gnu++0x";
				CLANG_CXX_LIBRARY = "libc++";
				CLANG_ENABLE_MODULES = YES;
				CLANG_ENABLE_OBJC_ARC = YES;
				CLANG_WARN_BOOL_CONVERSION = YES;
				CLANG_WARN_CONSTANT_CONVERSION = YES;
				CLANG_WARN_DIRECT_OBJC_ISA_USAGE = YES_ERROR;
				CLANG_WARN_EMPTY_BODY = YES;
				CLANG_WARN_ENUM_CONVERSION = YES;
				CLANG_WARN_INT_CONVERSION = YES;
				CLANG_WARN_OBJC_ROOT_CLASS = YES_ERROR;
				CLANG_WARN_UNREACHABLE_CODE = YES;
				CLANG_WARN__DUPLICATE_METHOD_MATCH = YES;
				COPY_PHASE_STRIP = YES;
				ENABLE_NS_ASSERTIONS = NO;
				ENABLE_STRICT_OBJC_MSGSEND = YES;
				GCC_C_LANGUAGE_STANDARD = gnu99;
				GCC_WARN_64_TO_32_BIT_CONVERSION = YES;
				GCC_WARN_ABOUT_RETURN_TYPE = YES_ERROR;
				GCC_WARN_UNDECLARED_SELECTOR = YES;
				GCC_WARN_UNINITIALIZED_AUTOS = YES_AGGRESSIVE;
				GCC_WARN_UNUSED_FUNCTION = YES;
				GCC_WARN_UNUSED_VARIABLE = YES;
				IPHONEOS_DEPLOYMENT_TARGET = 8.0;
				MTL_ENABLE_DEBUG_INFO = NO;
				SDKROOT = iphoneos;
				VALIDATE_PRODUCT = YES;
			};
			name = Release;
		};
		4AD7D1DA19D1064A00D7F178 /* Debug */ = {
			isa = XCBuildConfiguration;
			buildSettings = {
				LIBRARY_SEARCH_PATHS = (
					"$(inherited)",
					"$(PROJECT_DIR)/Shared3rd/**",
				);
				OTHER_LDFLAGS = "-ObjC";
				PRODUCT_NAME = "$(TARGET_NAME)";
				SKIP_INSTALL = YES;
				USER_HEADER_SEARCH_PATHS = "";
			};
			name = Debug;
		};
		4AD7D1DB19D1064A00D7F178 /* Release */ = {
			isa = XCBuildConfiguration;
			buildSettings = {
				LIBRARY_SEARCH_PATHS = (
					"$(inherited)",
					"$(PROJECT_DIR)/Shared3rd/**",
				);
				OTHER_LDFLAGS = "-ObjC";
				PRODUCT_NAME = "$(TARGET_NAME)";
				SKIP_INSTALL = YES;
				USER_HEADER_SEARCH_PATHS = "";
			};
			name = Release;
		};
		4AD7D1DD19D1064A00D7F178 /* Debug */ = {
			isa = XCBuildConfiguration;
			buildSettings = {
				FRAMEWORK_SEARCH_PATHS = (
					"$(SDKROOT)/Developer/Library/Frameworks",
					"$(inherited)",
				);
				GCC_PREPROCESSOR_DEFINITIONS = (
					"DEBUG=1",
					"$(inherited)",
				);
				INFOPLIST_FILE = AGNetworkTests/Info.plist;
				LD_RUNPATH_SEARCH_PATHS = "$(inherited) @executable_path/Frameworks @loader_path/Frameworks";
				PRODUCT_NAME = "$(TARGET_NAME)";
			};
			name = Debug;
		};
		4AD7D1DE19D1064A00D7F178 /* Release */ = {
			isa = XCBuildConfiguration;
			buildSettings = {
				FRAMEWORK_SEARCH_PATHS = (
					"$(SDKROOT)/Developer/Library/Frameworks",
					"$(inherited)",
				);
				INFOPLIST_FILE = AGNetworkTests/Info.plist;
				LD_RUNPATH_SEARCH_PATHS = "$(inherited) @executable_path/Frameworks @loader_path/Frameworks";
				PRODUCT_NAME = "$(TARGET_NAME)";
			};
			name = Release;
		};
/* End XCBuildConfiguration section */

/* Begin XCConfigurationList section */
		4AD7D1C319D1064A00D7F178 /* Build configuration list for PBXProject "AGNetwork" */ = {
			isa = XCConfigurationList;
			buildConfigurations = (
				4AD7D1D719D1064A00D7F178 /* Debug */,
				4AD7D1D819D1064A00D7F178 /* Release */,
			);
			defaultConfigurationIsVisible = 0;
			defaultConfigurationName = Release;
		};
		4AD7D1D919D1064A00D7F178 /* Build configuration list for PBXNativeTarget "AGNetwork" */ = {
			isa = XCConfigurationList;
			buildConfigurations = (
				4AD7D1DA19D1064A00D7F178 /* Debug */,
				4AD7D1DB19D1064A00D7F178 /* Release */,
			);
			defaultConfigurationIsVisible = 0;
			defaultConfigurationName = Release;
		};
		4AD7D1DC19D1064A00D7F178 /* Build configuration list for PBXNativeTarget "AGNetworkTests" */ = {
			isa = XCConfigurationList;
			buildConfigurations = (
				4AD7D1DD19D1064A00D7F178 /* Debug */,
				4AD7D1DE19D1064A00D7F178 /* Release */,
			);
			defaultConfigurationIsVisible = 0;
			defaultConfigurationName = Release;
		};
/* End XCConfigurationList section */
	};
	rootObject = 4AD7D1C019D1064A00D7F178 /* Project object */;
}
