// !$*UTF8*$!
{
	archiveVersion = 1;
	classes = {
	};
	objectVersion = 46;
	objects = {

/* Begin PBXBuildFile section */
		4A0533101D211E90009D3CAA /* AFNetworkActivityIndicatorManager.h in CopyFiles */ = {isa = PBXBuildFile; fileRef = 4AB9C0611D20E04100549476 /* AFNetworkActivityIndicatorManager.h */; };
		4A0CA53E1B4F810F00DF9379 /* AGRemoteUnit.h in CopyFiles */ = {isa = PBXBuildFile; fileRef = 4A61A7151A6DE79D002D3E2E /* AGRemoteUnit.h */; };
		4A0CA5401B4F810F00DF9379 /* DSRequestInfo.h in CopyFiles */ = {isa = PBXBuildFile; fileRef = 4AD7D1E719D1091300D7F178 /* DSRequestInfo.h */; };
		4A0CA5421B4F810F00DF9379 /* AGRemoter.h in CopyFiles */ = {isa = PBXBuildFile; fileRef = 4AD7D1E319D1083200D7F178 /* AGRemoter.h */; };
		4A0CA5441B4F810F00DF9379 /* AGRemoterResult.h in CopyFiles */ = {isa = PBXBuildFile; fileRef = 4AD7D1EC19D1096500D7F178 /* AGRemoterResult.h */; };
		4A0CA5451B4F810F00DF9379 /* AGRemoterError.h in CopyFiles */ = {isa = PBXBuildFile; fileRef = 4AD7D1EE19D1096500D7F178 /* AGRemoterError.h */; };
		4A0CA5471B4F810F00DF9379 /* AGNetworkDefine.h in CopyFiles */ = {isa = PBXBuildFile; fileRef = 4AD7D28019D151A100D7F178 /* AGNetworkDefine.h */; };
		4A3700621C86E21500A4C1D8 /* AGRequestBinary.m in Sources */ = {isa = PBXBuildFile; fileRef = 4A3700611C86E21500A4C1D8 /* AGRequestBinary.m */; };
		4A3700631C86ED8400A4C1D8 /* AGRequestBinary.h in CopyFiles */ = {isa = PBXBuildFile; fileRef = 4A3700601C86E21500A4C1D8 /* AGRequestBinary.h */; };
		4A495CA01DED278E00430960 /* UIImageView+AFNetworking.h in CopyFiles */ = {isa = PBXBuildFile; fileRef = 4AB9C06A1D20E04100549476 /* UIImageView+AFNetworking.h */; };
		4A495CA11DED278E00430960 /* UIWebView+AFNetworking.h in CopyFiles */ = {isa = PBXBuildFile; fileRef = 4AB9C0711D20E04100549476 /* UIWebView+AFNetworking.h */; };
		4A495CA21DED31A800430960 /* AFURLResponseSerialization.h in CopyFiles */ = {isa = PBXBuildFile; fileRef = 4AB9C05C1D20E04100549476 /* AFURLResponseSerialization.h */; };
		4A4FF00F1F64218F00F6BCFD /* LITAsset.m in Sources */ = {isa = PBXBuildFile; fileRef = 4A4FF00A1F64218F00F6BCFD /* LITAsset.m */; };
		4A4FF0101F64218F00F6BCFD /* LITFileUploader.m in Sources */ = {isa = PBXBuildFile; fileRef = 4A4FF00C1F64218F00F6BCFD /* LITFileUploader.m */; };
		4A4FF0111F64218F00F6BCFD /* LITLoader.m in Sources */ = {isa = PBXBuildFile; fileRef = 4A4FF00E1F64218F00F6BCFD /* LITLoader.m */; };
		4A4FF0121F64219A00F6BCFD /* LITAsset.h in CopyFiles */ = {isa = PBXBuildFile; fileRef = 4A4FF0091F64218F00F6BCFD /* LITAsset.h */; };
		4A4FF0131F64219A00F6BCFD /* LITFileUploader.h in CopyFiles */ = {isa = PBXBuildFile; fileRef = 4A4FF00B1F64218F00F6BCFD /* LITFileUploader.h */; };
		4A4FF0141F64219A00F6BCFD /* LITLoader.h in CopyFiles */ = {isa = PBXBuildFile; fileRef = 4A4FF00D1F64218F00F6BCFD /* LITLoader.h */; };
		4A61A7171A6DE79D002D3E2E /* AGRemoteUnit.m in Sources */ = {isa = PBXBuildFile; fileRef = 4A61A7161A6DE79D002D3E2E /* AGRemoteUnit.m */; };
		4A7EDF701CEDC16A00A311D2 /* DAFileLoader.m in Sources */ = {isa = PBXBuildFile; fileRef = 4A7EDF6F1CEDC16A00A311D2 /* DAFileLoader.m */; };
		4A7EDF721CEDC49F00A311D2 /* DAFileLoader.h in CopyFiles */ = {isa = PBXBuildFile; fileRef = 4A7EDF6E1CEDC16A00A311D2 /* DAFileLoader.h */; };
		4A7EDF751CEDDD8400A311D2 /* DANetworkLoader.m in Sources */ = {isa = PBXBuildFile; fileRef = 4A7EDF741CEDDD8400A311D2 /* DANetworkLoader.m */; };
		4A7EDF761CEDE74700A311D2 /* DANetworkLoader.h in CopyFiles */ = {isa = PBXBuildFile; fileRef = 4A7EDF731CEDDD8400A311D2 /* DANetworkLoader.h */; };
		4A8DDF031F5EFBC000C65B8F /* LITRequestForm.m in Sources */ = {isa = PBXBuildFile; fileRef = 4A8DDF021F5EFBC000C65B8F /* LITRequestForm.m */; };
		4A8DDF061F5EFC4600C65B8F /* LITRequestFormField.m in Sources */ = {isa = PBXBuildFile; fileRef = 4A8DDF051F5EFC4600C65B8F /* LITRequestFormField.m */; };
		4A8DDF071F5F05B700C65B8F /* LITRequestForm.h in CopyFiles */ = {isa = PBXBuildFile; fileRef = 4A8DDF011F5EFBC000C65B8F /* LITRequestForm.h */; };
		4A8DDF081F5F05B700C65B8F /* LITRequestFormField.h in CopyFiles */ = {isa = PBXBuildFile; fileRef = 4A8DDF041F5EFC4600C65B8F /* LITRequestFormField.h */; };
		4AB9C0731D20E04100549476 /* AFHTTPRequestOperation.m in Sources */ = {isa = PBXBuildFile; fileRef = 4AB9C04E1D20E04100549476 /* AFHTTPRequestOperation.m */; };
		4AB9C0741D20E04100549476 /* AFHTTPRequestOperationManager.m in Sources */ = {isa = PBXBuildFile; fileRef = 4AB9C0501D20E04100549476 /* AFHTTPRequestOperationManager.m */; };
		4AB9C0751D20E04100549476 /* AFHTTPSessionManager.m in Sources */ = {isa = PBXBuildFile; fileRef = 4AB9C0521D20E04100549476 /* AFHTTPSessionManager.m */; };
		4AB9C0761D20E04100549476 /* AFNetworkReachabilityManager.m in Sources */ = {isa = PBXBuildFile; fileRef = 4AB9C0551D20E04100549476 /* AFNetworkReachabilityManager.m */; };
		4AB9C0771D20E04100549476 /* AFSecurityPolicy.m in Sources */ = {isa = PBXBuildFile; fileRef = 4AB9C0571D20E04100549476 /* AFSecurityPolicy.m */; };
		4AB9C0781D20E04100549476 /* AFURLConnectionOperation.m in Sources */ = {isa = PBXBuildFile; fileRef = 4AB9C0591D20E04100549476 /* AFURLConnectionOperation.m */; };
		4AB9C0791D20E04100549476 /* AFURLRequestSerialization.m in Sources */ = {isa = PBXBuildFile; fileRef = 4AB9C05B1D20E04100549476 /* AFURLRequestSerialization.m */; };
		4AB9C07A1D20E04100549476 /* AFURLResponseSerialization.m in Sources */ = {isa = PBXBuildFile; fileRef = 4AB9C05D1D20E04100549476 /* AFURLResponseSerialization.m */; };
		4AB9C07B1D20E04100549476 /* AFURLSessionManager.m in Sources */ = {isa = PBXBuildFile; fileRef = 4AB9C05F1D20E04100549476 /* AFURLSessionManager.m */; };
		4AB9C07C1D20E04100549476 /* AFNetworkActivityIndicatorManager.m in Sources */ = {isa = PBXBuildFile; fileRef = 4AB9C0621D20E04100549476 /* AFNetworkActivityIndicatorManager.m */; };
		4AB9C07D1D20E04100549476 /* UIActivityIndicatorView+AFNetworking.m in Sources */ = {isa = PBXBuildFile; fileRef = 4AB9C0641D20E04100549476 /* UIActivityIndicatorView+AFNetworking.m */; };
		4AB9C07E1D20E04100549476 /* UIAlertView+AFNetworking.m in Sources */ = {isa = PBXBuildFile; fileRef = 4AB9C0661D20E04100549476 /* UIAlertView+AFNetworking.m */; };
		4AB9C07F1D20E04100549476 /* UIButton+AFNetworking.m in Sources */ = {isa = PBXBuildFile; fileRef = 4AB9C0681D20E04100549476 /* UIButton+AFNetworking.m */; };
		4AB9C0801D20E04100549476 /* UIImageView+AFNetworking.m in Sources */ = {isa = PBXBuildFile; fileRef = 4AB9C06B1D20E04100549476 /* UIImageView+AFNetworking.m */; };
		4AB9C0811D20E04100549476 /* UIProgressView+AFNetworking.m in Sources */ = {isa = PBXBuildFile; fileRef = 4AB9C06E1D20E04100549476 /* UIProgressView+AFNetworking.m */; };
		4AB9C0821D20E04100549476 /* UIRefreshControl+AFNetworking.m in Sources */ = {isa = PBXBuildFile; fileRef = 4AB9C0701D20E04100549476 /* UIRefreshControl+AFNetworking.m */; };
		4AB9C0831D20E04100549476 /* UIWebView+AFNetworking.m in Sources */ = {isa = PBXBuildFile; fileRef = 4AB9C0721D20E04100549476 /* UIWebView+AFNetworking.m */; };
		4ABE90A81D49E5FA00EC730A /* NSObject+FileLoader.m in Sources */ = {isa = PBXBuildFile; fileRef = 4ABE90A71D49E5FA00EC730A /* NSObject+FileLoader.m */; };
		4ABE90A91D49E73500EC730A /* NSObject+FileLoader.h in CopyFiles */ = {isa = PBXBuildFile; fileRef = 4ABE90A61D49E5FA00EC730A /* NSObject+FileLoader.h */; };
		4AC3CC7E1CCF39B50025410B /* DARequest.m in Sources */ = {isa = PBXBuildFile; fileRef = 4AC3CC7D1CCF39B50025410B /* DARequest.m */; };
		4AC3CC7F1CCF39C10025410B /* DARequest.h in CopyFiles */ = {isa = PBXBuildFile; fileRef = 4AC3CC7C1CCF39B50025410B /* DARequest.h */; };
		4AC3CCB11CD1CF460025410B /* DARequestUniversal.m in Sources */ = {isa = PBXBuildFile; fileRef = 4AC3CCB01CD1CF460025410B /* DARequestUniversal.m */; };
		4AC3CCB21CD1CF670025410B /* DARequestUniversal.h in CopyFiles */ = {isa = PBXBuildFile; fileRef = 4AC3CCAF1CD1CF460025410B /* DARequestUniversal.h */; };
		4AD7D1E619D1083200D7F178 /* AGRemoter.m in Sources */ = {isa = PBXBuildFile; fileRef = 4AD7D1E419D1083200D7F178 /* AGRemoter.m */; };
		4AD7D1E919D1091300D7F178 /* DSRequestInfo.m in Sources */ = {isa = PBXBuildFile; fileRef = 4AD7D1E819D1091300D7F178 /* DSRequestInfo.m */; };
		4AD7D1F119D1096500D7F178 /* AGRemoterResult.m in Sources */ = {isa = PBXBuildFile; fileRef = 4AD7D1ED19D1096500D7F178 /* AGRemoterResult.m */; };
		4AD7D1F219D1096500D7F178 /* AGRemoterError.m in Sources */ = {isa = PBXBuildFile; fileRef = 4AD7D1EF19D1096500D7F178 /* AGRemoterError.m */; };
		4AD7D23719D1150200D7F178 /* SystemConfiguration.framework in Frameworks */ = {isa = PBXBuildFile; fileRef = 4AD7D23619D1150200D7F178 /* SystemConfiguration.framework */; };
		4AD7D23919D1150700D7F178 /* MobileCoreServices.framework in Frameworks */ = {isa = PBXBuildFile; fileRef = 4AD7D23819D1150700D7F178 /* MobileCoreServices.framework */; };
		4AD7D28219D151A100D7F178 /* AGNetworkDefine.m in Sources */ = {isa = PBXBuildFile; fileRef = 4AD7D28119D151A100D7F178 /* AGNetworkDefine.m */; };
/* End PBXBuildFile section */

/* Begin PBXCopyFilesBuildPhase section */
		4A0CA53D1B4F801B00DF9379 /* CopyFiles */ = {
			isa = PBXCopyFilesBuildPhase;
			buildActionMask = 2147483647;
			dstPath = include;
			dstSubfolderSpec = 16;
			files = (
				4A4FF0121F64219A00F6BCFD /* LITAsset.h in CopyFiles */,
				4A4FF0131F64219A00F6BCFD /* LITFileUploader.h in CopyFiles */,
				4A4FF0141F64219A00F6BCFD /* LITLoader.h in CopyFiles */,
				4A8DDF071F5F05B700C65B8F /* LITRequestForm.h in CopyFiles */,
				4A8DDF081F5F05B700C65B8F /* LITRequestFormField.h in CopyFiles */,
				4A495CA21DED31A800430960 /* AFURLResponseSerialization.h in CopyFiles */,
				4A495CA01DED278E00430960 /* UIImageView+AFNetworking.h in CopyFiles */,
				4A495CA11DED278E00430960 /* UIWebView+AFNetworking.h in CopyFiles */,
				4ABE90A91D49E73500EC730A /* NSObject+FileLoader.h in CopyFiles */,
				4A0533101D211E90009D3CAA /* AFNetworkActivityIndicatorManager.h in CopyFiles */,
				4A7EDF761CEDE74700A311D2 /* DANetworkLoader.h in CopyFiles */,
				4A7EDF721CEDC49F00A311D2 /* DAFileLoader.h in CopyFiles */,
				4AC3CCB21CD1CF670025410B /* DARequestUniversal.h in CopyFiles */,
				4AC3CC7F1CCF39C10025410B /* DARequest.h in CopyFiles */,
				4A3700631C86ED8400A4C1D8 /* AGRequestBinary.h in CopyFiles */,
				4A0CA53E1B4F810F00DF9379 /* AGRemoteUnit.h in CopyFiles */,
				4A0CA5401B4F810F00DF9379 /* DSRequestInfo.h in CopyFiles */,
				4A0CA5421B4F810F00DF9379 /* AGRemoter.h in CopyFiles */,
				4A0CA5441B4F810F00DF9379 /* AGRemoterResult.h in CopyFiles */,
				4A0CA5451B4F810F00DF9379 /* AGRemoterError.h in CopyFiles */,
				4A0CA5471B4F810F00DF9379 /* AGNetworkDefine.h in CopyFiles */,
			);
			runOnlyForDeploymentPostprocessing = 0;
		};
/* End PBXCopyFilesBuildPhase section */

/* Begin PBXFileReference section */
		4A3700601C86E21500A4C1D8 /* AGRequestBinary.h */ = {isa = PBXFileReference; fileEncoding = 4; lastKnownFileType = sourcecode.c.h; path = AGRequestBinary.h; sourceTree = "<group>"; };
		4A3700611C86E21500A4C1D8 /* AGRequestBinary.m */ = {isa = PBXFileReference; fileEncoding = 4; lastKnownFileType = sourcecode.c.objc; path = AGRequestBinary.m; sourceTree = "<group>"; };
		4A4FF0091F64218F00F6BCFD /* LITAsset.h */ = {isa = PBXFileReference; fileEncoding = 4; lastKnownFileType = sourcecode.c.h; path = LITAsset.h; sourceTree = "<group>"; };
		4A4FF00A1F64218F00F6BCFD /* LITAsset.m */ = {isa = PBXFileReference; fileEncoding = 4; lastKnownFileType = sourcecode.c.objc; path = LITAsset.m; sourceTree = "<group>"; };
		4A4FF00B1F64218F00F6BCFD /* LITFileUploader.h */ = {isa = PBXFileReference; fileEncoding = 4; lastKnownFileType = sourcecode.c.h; path = LITFileUploader.h; sourceTree = "<group>"; };
		4A4FF00C1F64218F00F6BCFD /* LITFileUploader.m */ = {isa = PBXFileReference; fileEncoding = 4; lastKnownFileType = sourcecode.c.objc; path = LITFileUploader.m; sourceTree = "<group>"; };
		4A4FF00D1F64218F00F6BCFD /* LITLoader.h */ = {isa = PBXFileReference; fileEncoding = 4; lastKnownFileType = sourcecode.c.h; path = LITLoader.h; sourceTree = "<group>"; };
		4A4FF00E1F64218F00F6BCFD /* LITLoader.m */ = {isa = PBXFileReference; fileEncoding = 4; lastKnownFileType = sourcecode.c.objc; path = LITLoader.m; sourceTree = "<group>"; };
		4A61A7151A6DE79D002D3E2E /* AGRemoteUnit.h */ = {isa = PBXFileReference; fileEncoding = 4; lastKnownFileType = sourcecode.c.h; path = AGRemoteUnit.h; sourceTree = "<group>"; };
		4A61A7161A6DE79D002D3E2E /* AGRemoteUnit.m */ = {isa = PBXFileReference; fileEncoding = 4; lastKnownFileType = sourcecode.c.objc; path = AGRemoteUnit.m; sourceTree = "<group>"; };
		4A7EDF6E1CEDC16A00A311D2 /* DAFileLoader.h */ = {isa = PBXFileReference; fileEncoding = 4; lastKnownFileType = sourcecode.c.h; path = DAFileLoader.h; sourceTree = "<group>"; };
		4A7EDF6F1CEDC16A00A311D2 /* DAFileLoader.m */ = {isa = PBXFileReference; fileEncoding = 4; lastKnownFileType = sourcecode.c.objc; path = DAFileLoader.m; sourceTree = "<group>"; };
		4A7EDF731CEDDD8400A311D2 /* DANetworkLoader.h */ = {isa = PBXFileReference; fileEncoding = 4; lastKnownFileType = sourcecode.c.h; path = DANetworkLoader.h; sourceTree = "<group>"; };
		4A7EDF741CEDDD8400A311D2 /* DANetworkLoader.m */ = {isa = PBXFileReference; fileEncoding = 4; lastKnownFileType = sourcecode.c.objc; path = DANetworkLoader.m; sourceTree = "<group>"; };
		4A8DDF011F5EFBC000C65B8F /* LITRequestForm.h */ = {isa = PBXFileReference; fileEncoding = 4; lastKnownFileType = sourcecode.c.h; path = LITRequestForm.h; sourceTree = "<group>"; };
		4A8DDF021F5EFBC000C65B8F /* LITRequestForm.m */ = {isa = PBXFileReference; fileEncoding = 4; lastKnownFileType = sourcecode.c.objc; path = LITRequestForm.m; sourceTree = "<group>"; };
		4A8DDF041F5EFC4600C65B8F /* LITRequestFormField.h */ = {isa = PBXFileReference; fileEncoding = 4; lastKnownFileType = sourcecode.c.h; path = LITRequestFormField.h; sourceTree = "<group>"; };
		4A8DDF051F5EFC4600C65B8F /* LITRequestFormField.m */ = {isa = PBXFileReference; fileEncoding = 4; lastKnownFileType = sourcecode.c.objc; path = LITRequestFormField.m; sourceTree = "<group>"; };
		4AB9C04D1D20E04100549476 /* AFHTTPRequestOperation.h */ = {isa = PBXFileReference; fileEncoding = 4; lastKnownFileType = sourcecode.c.h; path = AFHTTPRequestOperation.h; sourceTree = "<group>"; };
		4AB9C04E1D20E04100549476 /* AFHTTPRequestOperation.m */ = {isa = PBXFileReference; fileEncoding = 4; lastKnownFileType = sourcecode.c.objc; path = AFHTTPRequestOperation.m; sourceTree = "<group>"; };
		4AB9C04F1D20E04100549476 /* AFHTTPRequestOperationManager.h */ = {isa = PBXFileReference; fileEncoding = 4; lastKnownFileType = sourcecode.c.h; path = AFHTTPRequestOperationManager.h; sourceTree = "<group>"; };
		4AB9C0501D20E04100549476 /* AFHTTPRequestOperationManager.m */ = {isa = PBXFileReference; fileEncoding = 4; lastKnownFileType = sourcecode.c.objc; path = AFHTTPRequestOperationManager.m; sourceTree = "<group>"; };
		4AB9C0511D20E04100549476 /* AFHTTPSessionManager.h */ = {isa = PBXFileReference; fileEncoding = 4; lastKnownFileType = sourcecode.c.h; path = AFHTTPSessionManager.h; sourceTree = "<group>"; };
		4AB9C0521D20E04100549476 /* AFHTTPSessionManager.m */ = {isa = PBXFileReference; fileEncoding = 4; lastKnownFileType = sourcecode.c.objc; path = AFHTTPSessionManager.m; sourceTree = "<group>"; };
		4AB9C0531D20E04100549476 /* AFNetworking.h */ = {isa = PBXFileReference; fileEncoding = 4; lastKnownFileType = sourcecode.c.h; path = AFNetworking.h; sourceTree = "<group>"; };
		4AB9C0541D20E04100549476 /* AFNetworkReachabilityManager.h */ = {isa = PBXFileReference; fileEncoding = 4; lastKnownFileType = sourcecode.c.h; path = AFNetworkReachabilityManager.h; sourceTree = "<group>"; };
		4AB9C0551D20E04100549476 /* AFNetworkReachabilityManager.m */ = {isa = PBXFileReference; fileEncoding = 4; lastKnownFileType = sourcecode.c.objc; path = AFNetworkReachabilityManager.m; sourceTree = "<group>"; };
		4AB9C0561D20E04100549476 /* AFSecurityPolicy.h */ = {isa = PBXFileReference; fileEncoding = 4; lastKnownFileType = sourcecode.c.h; path = AFSecurityPolicy.h; sourceTree = "<group>"; };
		4AB9C0571D20E04100549476 /* AFSecurityPolicy.m */ = {isa = PBXFileReference; fileEncoding = 4; lastKnownFileType = sourcecode.c.objc; path = AFSecurityPolicy.m; sourceTree = "<group>"; };
		4AB9C0581D20E04100549476 /* AFURLConnectionOperation.h */ = {isa = PBXFileReference; fileEncoding = 4; lastKnownFileType = sourcecode.c.h; path = AFURLConnectionOperation.h; sourceTree = "<group>"; };
		4AB9C0591D20E04100549476 /* AFURLConnectionOperation.m */ = {isa = PBXFileReference; fileEncoding = 4; lastKnownFileType = sourcecode.c.objc; path = AFURLConnectionOperation.m; sourceTree = "<group>"; };
		4AB9C05A1D20E04100549476 /* AFURLRequestSerialization.h */ = {isa = PBXFileReference; fileEncoding = 4; lastKnownFileType = sourcecode.c.h; path = AFURLRequestSerialization.h; sourceTree = "<group>"; };
		4AB9C05B1D20E04100549476 /* AFURLRequestSerialization.m */ = {isa = PBXFileReference; fileEncoding = 4; lastKnownFileType = sourcecode.c.objc; path = AFURLRequestSerialization.m; sourceTree = "<group>"; };
		4AB9C05C1D20E04100549476 /* AFURLResponseSerialization.h */ = {isa = PBXFileReference; fileEncoding = 4; lastKnownFileType = sourcecode.c.h; path = AFURLResponseSerialization.h; sourceTree = "<group>"; };
		4AB9C05D1D20E04100549476 /* AFURLResponseSerialization.m */ = {isa = PBXFileReference; fileEncoding = 4; lastKnownFileType = sourcecode.c.objc; path = AFURLResponseSerialization.m; sourceTree = "<group>"; };
		4AB9C05E1D20E04100549476 /* AFURLSessionManager.h */ = {isa = PBXFileReference; fileEncoding = 4; lastKnownFileType = sourcecode.c.h; path = AFURLSessionManager.h; sourceTree = "<group>"; };
		4AB9C05F1D20E04100549476 /* AFURLSessionManager.m */ = {isa = PBXFileReference; fileEncoding = 4; lastKnownFileType = sourcecode.c.objc; path = AFURLSessionManager.m; sourceTree = "<group>"; };
		4AB9C0611D20E04100549476 /* AFNetworkActivityIndicatorManager.h */ = {isa = PBXFileReference; fileEncoding = 4; lastKnownFileType = sourcecode.c.h; path = AFNetworkActivityIndicatorManager.h; sourceTree = "<group>"; };
		4AB9C0621D20E04100549476 /* AFNetworkActivityIndicatorManager.m */ = {isa = PBXFileReference; fileEncoding = 4; lastKnownFileType = sourcecode.c.objc; path = AFNetworkActivityIndicatorManager.m; sourceTree = "<group>"; };
		4AB9C0631D20E04100549476 /* UIActivityIndicatorView+AFNetworking.h */ = {isa = PBXFileReference; fileEncoding = 4; lastKnownFileType = sourcecode.c.h; path = "UIActivityIndicatorView+AFNetworking.h"; sourceTree = "<group>"; };
		4AB9C0641D20E04100549476 /* UIActivityIndicatorView+AFNetworking.m */ = {isa = PBXFileReference; fileEncoding = 4; lastKnownFileType = sourcecode.c.objc; path = "UIActivityIndicatorView+AFNetworking.m"; sourceTree = "<group>"; };
		4AB9C0651D20E04100549476 /* UIAlertView+AFNetworking.h */ = {isa = PBXFileReference; fileEncoding = 4; lastKnownFileType = sourcecode.c.h; path = "UIAlertView+AFNetworking.h"; sourceTree = "<group>"; };
		4AB9C0661D20E04100549476 /* UIAlertView+AFNetworking.m */ = {isa = PBXFileReference; fileEncoding = 4; lastKnownFileType = sourcecode.c.objc; path = "UIAlertView+AFNetworking.m"; sourceTree = "<group>"; };
		4AB9C0671D20E04100549476 /* UIButton+AFNetworking.h */ = {isa = PBXFileReference; fileEncoding = 4; lastKnownFileType = sourcecode.c.h; path = "UIButton+AFNetworking.h"; sourceTree = "<group>"; };
		4AB9C0681D20E04100549476 /* UIButton+AFNetworking.m */ = {isa = PBXFileReference; fileEncoding = 4; lastKnownFileType = sourcecode.c.objc; path = "UIButton+AFNetworking.m"; sourceTree = "<group>"; };
		4AB9C0691D20E04100549476 /* UIImage+AFNetworking.h */ = {isa = PBXFileReference; fileEncoding = 4; lastKnownFileType = sourcecode.c.h; path = "UIImage+AFNetworking.h"; sourceTree = "<group>"; };
		4AB9C06A1D20E04100549476 /* UIImageView+AFNetworking.h */ = {isa = PBXFileReference; fileEncoding = 4; lastKnownFileType = sourcecode.c.h; path = "UIImageView+AFNetworking.h"; sourceTree = "<group>"; };
		4AB9C06B1D20E04100549476 /* UIImageView+AFNetworking.m */ = {isa = PBXFileReference; fileEncoding = 4; lastKnownFileType = sourcecode.c.objc; path = "UIImageView+AFNetworking.m"; sourceTree = "<group>"; };
		4AB9C06C1D20E04100549476 /* UIKit+AFNetworking.h */ = {isa = PBXFileReference; fileEncoding = 4; lastKnownFileType = sourcecode.c.h; path = "UIKit+AFNetworking.h"; sourceTree = "<group>"; };
		4AB9C06D1D20E04100549476 /* UIProgressView+AFNetworking.h */ = {isa = PBXFileReference; fileEncoding = 4; lastKnownFileType = sourcecode.c.h; path = "UIProgressView+AFNetworking.h"; sourceTree = "<group>"; };
		4AB9C06E1D20E04100549476 /* UIProgressView+AFNetworking.m */ = {isa = PBXFileReference; fileEncoding = 4; lastKnownFileType = sourcecode.c.objc; path = "UIProgressView+AFNetworking.m"; sourceTree = "<group>"; };
		4AB9C06F1D20E04100549476 /* UIRefreshControl+AFNetworking.h */ = {isa = PBXFileReference; fileEncoding = 4; lastKnownFileType = sourcecode.c.h; path = "UIRefreshControl+AFNetworking.h"; sourceTree = "<group>"; };
		4AB9C0701D20E04100549476 /* UIRefreshControl+AFNetworking.m */ = {isa = PBXFileReference; fileEncoding = 4; lastKnownFileType = sourcecode.c.objc; path = "UIRefreshControl+AFNetworking.m"; sourceTree = "<group>"; };
		4AB9C0711D20E04100549476 /* UIWebView+AFNetworking.h */ = {isa = PBXFileReference; fileEncoding = 4; lastKnownFileType = sourcecode.c.h; path = "UIWebView+AFNetworking.h"; sourceTree = "<group>"; };
		4AB9C0721D20E04100549476 /* UIWebView+AFNetworking.m */ = {isa = PBXFileReference; fileEncoding = 4; lastKnownFileType = sourcecode.c.objc; path = "UIWebView+AFNetworking.m"; sourceTree = "<group>"; };
		4ABE90A61D49E5FA00EC730A /* NSObject+FileLoader.h */ = {isa = PBXFileReference; fileEncoding = 4; lastKnownFileType = sourcecode.c.h; path = "NSObject+FileLoader.h"; sourceTree = "<group>"; };
		4ABE90A71D49E5FA00EC730A /* NSObject+FileLoader.m */ = {isa = PBXFileReference; fileEncoding = 4; lastKnownFileType = sourcecode.c.objc; path = "NSObject+FileLoader.m"; sourceTree = "<group>"; };
		4AC3CC7C1CCF39B50025410B /* DARequest.h */ = {isa = PBXFileReference; fileEncoding = 4; lastKnownFileType = sourcecode.c.h; path = DARequest.h; sourceTree = "<group>"; };
		4AC3CC7D1CCF39B50025410B /* DARequest.m */ = {isa = PBXFileReference; fileEncoding = 4; lastKnownFileType = sourcecode.c.objc; path = DARequest.m; sourceTree = "<group>"; };
		4AC3CCAF1CD1CF460025410B /* DARequestUniversal.h */ = {isa = PBXFileReference; fileEncoding = 4; lastKnownFileType = sourcecode.c.h; path = DARequestUniversal.h; sourceTree = "<group>"; };
		4AC3CCB01CD1CF460025410B /* DARequestUniversal.m */ = {isa = PBXFileReference; fileEncoding = 4; lastKnownFileType = sourcecode.c.objc; path = DARequestUniversal.m; sourceTree = "<group>"; };
		4AD7D1C819D1064A00D7F178 /* libAGNetwork.a */ = {isa = PBXFileReference; explicitFileType = archive.ar; includeInIndex = 0; path = libAGNetwork.a; sourceTree = BUILT_PRODUCTS_DIR; };
		4AD7D1E319D1083200D7F178 /* AGRemoter.h */ = {isa = PBXFileReference; fileEncoding = 4; lastKnownFileType = sourcecode.c.h; path = AGRemoter.h; sourceTree = "<group>"; };
		4AD7D1E419D1083200D7F178 /* AGRemoter.m */ = {isa = PBXFileReference; fileEncoding = 4; lastKnownFileType = sourcecode.c.objc; path = AGRemoter.m; sourceTree = "<group>"; };
		4AD7D1E719D1091300D7F178 /* DSRequestInfo.h */ = {isa = PBXFileReference; fileEncoding = 4; lastKnownFileType = sourcecode.c.h; path = DSRequestInfo.h; sourceTree = "<group>"; };
		4AD7D1E819D1091300D7F178 /* DSRequestInfo.m */ = {isa = PBXFileReference; fileEncoding = 4; lastKnownFileType = sourcecode.c.objc; path = DSRequestInfo.m; sourceTree = "<group>"; };
		4AD7D1EC19D1096500D7F178 /* AGRemoterResult.h */ = {isa = PBXFileReference; fileEncoding = 4; lastKnownFileType = sourcecode.c.h; path = AGRemoterResult.h; sourceTree = "<group>"; };
		4AD7D1ED19D1096500D7F178 /* AGRemoterResult.m */ = {isa = PBXFileReference; fileEncoding = 4; lastKnownFileType = sourcecode.c.objc; path = AGRemoterResult.m; sourceTree = "<group>"; };
		4AD7D1EE19D1096500D7F178 /* AGRemoterError.h */ = {isa = PBXFileReference; fileEncoding = 4; lastKnownFileType = sourcecode.c.h; path = AGRemoterError.h; sourceTree = "<group>"; };
		4AD7D1EF19D1096500D7F178 /* AGRemoterError.m */ = {isa = PBXFileReference; fileEncoding = 4; lastKnownFileType = sourcecode.c.objc; path = AGRemoterError.m; sourceTree = "<group>"; };
		4AD7D23619D1150200D7F178 /* SystemConfiguration.framework */ = {isa = PBXFileReference; lastKnownFileType = wrapper.framework; name = SystemConfiguration.framework; path = System/Library/Frameworks/SystemConfiguration.framework; sourceTree = SDKROOT; };
		4AD7D23819D1150700D7F178 /* MobileCoreServices.framework */ = {isa = PBXFileReference; lastKnownFileType = wrapper.framework; name = MobileCoreServices.framework; path = System/Library/Frameworks/MobileCoreServices.framework; sourceTree = SDKROOT; };
		4AD7D28019D151A100D7F178 /* AGNetworkDefine.h */ = {isa = PBXFileReference; fileEncoding = 4; lastKnownFileType = sourcecode.c.h; path = AGNetworkDefine.h; sourceTree = "<group>"; };
		4AD7D28119D151A100D7F178 /* AGNetworkDefine.m */ = {isa = PBXFileReference; fileEncoding = 4; lastKnownFileType = sourcecode.c.objc; path = AGNetworkDefine.m; sourceTree = "<group>"; };
/* End PBXFileReference section */

/* Begin PBXFrameworksBuildPhase section */
		4AD7D1C519D1064A00D7F178 /* Frameworks */ = {
			isa = PBXFrameworksBuildPhase;
			buildActionMask = 2147483647;
			files = (
				4AD7D23919D1150700D7F178 /* MobileCoreServices.framework in Frameworks */,
				4AD7D23719D1150200D7F178 /* SystemConfiguration.framework in Frameworks */,
			);
			runOnlyForDeploymentPostprocessing = 0;
		};
/* End PBXFrameworksBuildPhase section */

/* Begin PBXGroup section */
		4AB6505D1D10FBB800F5735C /* ObjPoolRelated */ = {
			isa = PBXGroup;
			children = (
				4ABE90A61D49E5FA00EC730A /* NSObject+FileLoader.h */,
				4ABE90A71D49E5FA00EC730A /* NSObject+FileLoader.m */,
			);
			path = ObjPoolRelated;
			sourceTree = "<group>";
		};
		4AB9C04C1D20E04100549476 /* AFNetworking */ = {
			isa = PBXGroup;
			children = (
				4AB9C04D1D20E04100549476 /* AFHTTPRequestOperation.h */,
				4AB9C04E1D20E04100549476 /* AFHTTPRequestOperation.m */,
				4AB9C04F1D20E04100549476 /* AFHTTPRequestOperationManager.h */,
				4AB9C0501D20E04100549476 /* AFHTTPRequestOperationManager.m */,
				4AB9C0511D20E04100549476 /* AFHTTPSessionManager.h */,
				4AB9C0521D20E04100549476 /* AFHTTPSessionManager.m */,
				4AB9C0531D20E04100549476 /* AFNetworking.h */,
				4AB9C0541D20E04100549476 /* AFNetworkReachabilityManager.h */,
				4AB9C0551D20E04100549476 /* AFNetworkReachabilityManager.m */,
				4AB9C0561D20E04100549476 /* AFSecurityPolicy.h */,
				4AB9C0571D20E04100549476 /* AFSecurityPolicy.m */,
				4AB9C0581D20E04100549476 /* AFURLConnectionOperation.h */,
				4AB9C0591D20E04100549476 /* AFURLConnectionOperation.m */,
				4AB9C05A1D20E04100549476 /* AFURLRequestSerialization.h */,
				4AB9C05B1D20E04100549476 /* AFURLRequestSerialization.m */,
				4AB9C05C1D20E04100549476 /* AFURLResponseSerialization.h */,
				4AB9C05D1D20E04100549476 /* AFURLResponseSerialization.m */,
				4AB9C05E1D20E04100549476 /* AFURLSessionManager.h */,
				4AB9C05F1D20E04100549476 /* AFURLSessionManager.m */,
			);
			path = AFNetworking;
			sourceTree = "<group>";
		};
		4AB9C0601D20E04100549476 /* UIKit+AFNetworking */ = {
			isa = PBXGroup;
			children = (
				4AB9C0611D20E04100549476 /* AFNetworkActivityIndicatorManager.h */,
				4AB9C0621D20E04100549476 /* AFNetworkActivityIndicatorManager.m */,
				4AB9C0631D20E04100549476 /* UIActivityIndicatorView+AFNetworking.h */,
				4AB9C0641D20E04100549476 /* UIActivityIndicatorView+AFNetworking.m */,
				4AB9C0651D20E04100549476 /* UIAlertView+AFNetworking.h */,
				4AB9C0661D20E04100549476 /* UIAlertView+AFNetworking.m */,
				4AB9C0671D20E04100549476 /* UIButton+AFNetworking.h */,
				4AB9C0681D20E04100549476 /* UIButton+AFNetworking.m */,
				4AB9C0691D20E04100549476 /* UIImage+AFNetworking.h */,
				4AB9C06A1D20E04100549476 /* UIImageView+AFNetworking.h */,
				4AB9C06B1D20E04100549476 /* UIImageView+AFNetworking.m */,
				4AB9C06C1D20E04100549476 /* UIKit+AFNetworking.h */,
				4AB9C06D1D20E04100549476 /* UIProgressView+AFNetworking.h */,
				4AB9C06E1D20E04100549476 /* UIProgressView+AFNetworking.m */,
				4AB9C06F1D20E04100549476 /* UIRefreshControl+AFNetworking.h */,
				4AB9C0701D20E04100549476 /* UIRefreshControl+AFNetworking.m */,
				4AB9C0711D20E04100549476 /* UIWebView+AFNetworking.h */,
				4AB9C0721D20E04100549476 /* UIWebView+AFNetworking.m */,
			);
			path = "UIKit+AFNetworking";
			sourceTree = "<group>";
		};
		4AD7D1BF19D1064A00D7F178 = {
			isa = PBXGroup;
			children = (
				4AD7D1CA19D1064A00D7F178 /* AGNetwork */,
				4AD7D1C919D1064A00D7F178 /* Products */,
				4AD7D20019D10BA500D7F178 /* Shared3rd */,
				E80D8FBEA8ED450FAF647832 /* Frameworks */,
			);
			sourceTree = "<group>";
		};
		4AD7D1C919D1064A00D7F178 /* Products */ = {
			isa = PBXGroup;
			children = (
				4AD7D1C819D1064A00D7F178 /* libAGNetwork.a */,
			);
			name = Products;
			sourceTree = "<group>";
		};
		4AD7D1CA19D1064A00D7F178 /* AGNetwork */ = {
			isa = PBXGroup;
			children = (
				4AB6505D1D10FBB800F5735C /* ObjPoolRelated */,
				4AC3CC7C1CCF39B50025410B /* DARequest.h */,
				4AC3CC7D1CCF39B50025410B /* DARequest.m */,
				4A61A7151A6DE79D002D3E2E /* AGRemoteUnit.h */,
				4A61A7161A6DE79D002D3E2E /* AGRemoteUnit.m */,
				4AD7D1E719D1091300D7F178 /* DSRequestInfo.h */,
				4AD7D1E819D1091300D7F178 /* DSRequestInfo.m */,
				4AD7D1E319D1083200D7F178 /* AGRemoter.h */,
				4AD7D1E419D1083200D7F178 /* AGRemoter.m */,
				4AD7D1EC19D1096500D7F178 /* AGRemoterResult.h */,
				4AD7D1ED19D1096500D7F178 /* AGRemoterResult.m */,
				4AD7D1EE19D1096500D7F178 /* AGRemoterError.h */,
				4AD7D1EF19D1096500D7F178 /* AGRemoterError.m */,
				4AD7D28019D151A100D7F178 /* AGNetworkDefine.h */,
				4AD7D28119D151A100D7F178 /* AGNetworkDefine.m */,
				4A3700601C86E21500A4C1D8 /* AGRequestBinary.h */,
				4A3700611C86E21500A4C1D8 /* AGRequestBinary.m */,
				4A8DDF011F5EFBC000C65B8F /* LITRequestForm.h */,
				4A8DDF021F5EFBC000C65B8F /* LITRequestForm.m */,
				4A8DDF041F5EFC4600C65B8F /* LITRequestFormField.h */,
				4A8DDF051F5EFC4600C65B8F /* LITRequestFormField.m */,
				4AC3CCAF1CD1CF460025410B /* DARequestUniversal.h */,
				4AC3CCB01CD1CF460025410B /* DARequestUniversal.m */,
				4A7EDF6E1CEDC16A00A311D2 /* DAFileLoader.h */,
				4A7EDF6F1CEDC16A00A311D2 /* DAFileLoader.m */,
				4A7EDF731CEDDD8400A311D2 /* DANetworkLoader.h */,
				4A7EDF741CEDDD8400A311D2 /* DANetworkLoader.m */,
				4A4FF0091F64218F00F6BCFD /* LITAsset.h */,
				4A4FF00A1F64218F00F6BCFD /* LITAsset.m */,
				4A4FF00B1F64218F00F6BCFD /* LITFileUploader.h */,
				4A4FF00C1F64218F00F6BCFD /* LITFileUploader.m */,
				4A4FF00D1F64218F00F6BCFD /* LITLoader.h */,
				4A4FF00E1F64218F00F6BCFD /* LITLoader.m */,
			);
			path = AGNetwork;
			sourceTree = "<group>";
		};
		4AD7D20019D10BA500D7F178 /* Shared3rd */ = {
			isa = PBXGroup;
			children = (
				4AB9C04C1D20E04100549476 /* AFNetworking */,
				4AB9C0601D20E04100549476 /* UIKit+AFNetworking */,
			);
			path = Shared3rd;
			sourceTree = "<group>";
		};
		E80D8FBEA8ED450FAF647832 /* Frameworks */ = {
			isa = PBXGroup;
			children = (
				4AD7D23819D1150700D7F178 /* MobileCoreServices.framework */,
				4AD7D23619D1150200D7F178 /* SystemConfiguration.framework */,
			);
			name = Frameworks;
			sourceTree = "<group>";
		};
/* End PBXGroup section */

/* Begin PBXNativeTarget section */
		4AD7D1C719D1064A00D7F178 /* AGNetwork */ = {
			isa = PBXNativeTarget;
			buildConfigurationList = 4AD7D1D919D1064A00D7F178 /* Build configuration list for PBXNativeTarget "AGNetwork" */;
			buildPhases = (
				4AD7D1C419D1064A00D7F178 /* Sources */,
				4AD7D1C519D1064A00D7F178 /* Frameworks */,
				4A0CA53D1B4F801B00DF9379 /* CopyFiles */,
				4A0CA5481B4F818F00DF9379 /* lipo */,
			);
			buildRules = (
			);
			dependencies = (
			);
			name = AGNetwork;
			productName = AGNetwork;
			productReference = 4AD7D1C819D1064A00D7F178 /* libAGNetwork.a */;
			productType = "com.apple.product-type.library.static";
		};
/* End PBXNativeTarget section */

/* Begin PBXProject section */
		4AD7D1C019D1064A00D7F178 /* Project object */ = {
			isa = PBXProject;
			attributes = {
				LastUpgradeCheck = 0600;
				ORGANIZATIONNAME = AboveGEM;
				TargetAttributes = {
					4AD7D1C719D1064A00D7F178 = {
						CreatedOnToolsVersion = 6.0.1;
					};
				};
			};
			buildConfigurationList = 4AD7D1C319D1064A00D7F178 /* Build configuration list for PBXProject "AGNetwork" */;
			compatibilityVersion = "Xcode 3.2";
			developmentRegion = English;
			hasScannedForEncodings = 0;
			knownRegions = (
				en,
			);
			mainGroup = 4AD7D1BF19D1064A00D7F178;
			productRefGroup = 4AD7D1C919D1064A00D7F178 /* Products */;
			projectDirPath = "";
			projectRoot = "";
			targets = (
				4AD7D1C719D1064A00D7F178 /* AGNetwork */,
			);
		};
/* End PBXProject section */

/* Begin PBXShellScriptBuildPhase section */
		4A0CA5481B4F818F00DF9379 /* lipo */ = {
			isa = PBXShellScriptBuildPhase;
			buildActionMask = 2147483647;
			files = (
			);
			inputPaths = (
			);
			name = lipo;
			outputPaths = (
			);
			runOnlyForDeploymentPostprocessing = 0;
			shellPath = /bin/sh;
			shellScript = "cd ../sh\n./do_lipo_for_static_lib.sh";
		};
/* End PBXShellScriptBuildPhase section */

/* Begin PBXSourcesBuildPhase section */
		4AD7D1C419D1064A00D7F178 /* Sources */ = {
			isa = PBXSourcesBuildPhase;
			buildActionMask = 2147483647;
			files = (
				4AB9C07C1D20E04100549476 /* AFNetworkActivityIndicatorManager.m in Sources */,
				4AC3CCB11CD1CF460025410B /* DARequestUniversal.m in Sources */,
				4A8DDF061F5EFC4600C65B8F /* LITRequestFormField.m in Sources */,
				4A3700621C86E21500A4C1D8 /* AGRequestBinary.m in Sources */,
				4AB9C07D1D20E04100549476 /* UIActivityIndicatorView+AFNetworking.m in Sources */,
				4AB9C0741D20E04100549476 /* AFHTTPRequestOperationManager.m in Sources */,
				4A7EDF701CEDC16A00A311D2 /* DAFileLoader.m in Sources */,
				4A7EDF751CEDDD8400A311D2 /* DANetworkLoader.m in Sources */,
				4AB9C0801D20E04100549476 /* UIImageView+AFNetworking.m in Sources */,
				4AB9C0751D20E04100549476 /* AFHTTPSessionManager.m in Sources */,
				4AB9C0831D20E04100549476 /* UIWebView+AFNetworking.m in Sources */,
				4AB9C0821D20E04100549476 /* UIRefreshControl+AFNetworking.m in Sources */,
				4AB9C0761D20E04100549476 /* AFNetworkReachabilityManager.m in Sources */,
				4AB9C0781D20E04100549476 /* AFURLConnectionOperation.m in Sources */,
				4A4FF00F1F64218F00F6BCFD /* LITAsset.m in Sources */,
				4AB9C0811D20E04100549476 /* UIProgressView+AFNetworking.m in Sources */,
				4AB9C0731D20E04100549476 /* AFHTTPRequestOperation.m in Sources */,
				4AB9C07B1D20E04100549476 /* AFURLSessionManager.m in Sources */,
				4AD7D1F219D1096500D7F178 /* AGRemoterError.m in Sources */,
				4A8DDF031F5EFBC000C65B8F /* LITRequestForm.m in Sources */,
				4AD7D28219D151A100D7F178 /* AGNetworkDefine.m in Sources */,
				4ABE90A81D49E5FA00EC730A /* NSObject+FileLoader.m in Sources */,
				4AC3CC7E1CCF39B50025410B /* DARequest.m in Sources */,
				4AB9C0771D20E04100549476 /* AFSecurityPolicy.m in Sources */,
				4A4FF0111F64218F00F6BCFD /* LITLoader.m in Sources */,
				4AB9C07A1D20E04100549476 /* AFURLResponseSerialization.m in Sources */,
				4AB9C07E1D20E04100549476 /* UIAlertView+AFNetworking.m in Sources */,
				4AB9C0791D20E04100549476 /* AFURLRequestSerialization.m in Sources */,
				4A61A7171A6DE79D002D3E2E /* AGRemoteUnit.m in Sources */,
				4AB9C07F1D20E04100549476 /* UIButton+AFNetworking.m in Sources */,
				4AD7D1E919D1091300D7F178 /* DSRequestInfo.m in Sources */,
				4AD7D1E619D1083200D7F178 /* AGRemoter.m in Sources */,
				4AD7D1F119D1096500D7F178 /* AGRemoterResult.m in Sources */,
				4A4FF0101F64218F00F6BCFD /* LITFileUploader.m in Sources */,
			);
			runOnlyForDeploymentPostprocessing = 0;
		};
/* End PBXSourcesBuildPhase section */

/* Begin XCBuildConfiguration section */
		4AD7D1D719D1064A00D7F178 /* Debug */ = {
			isa = XCBuildConfiguration;
			buildSettings = {
				ALWAYS_SEARCH_USER_PATHS = NO;
				CLANG_CXX_LANGUAGE_STANDARD = "gnu++0x";
				CLANG_CXX_LIBRARY = "libc++";
				CLANG_ENABLE_MODULES = YES;
				CLANG_ENABLE_OBJC_ARC = YES;
				CLANG_WARN_BOOL_CONVERSION = YES;
				CLANG_WARN_CONSTANT_CONVERSION = YES;
				CLANG_WARN_DIRECT_OBJC_ISA_USAGE = YES_ERROR;
				CLANG_WARN_EMPTY_BODY = YES;
				CLANG_WARN_ENUM_CONVERSION = YES;
				CLANG_WARN_INT_CONVERSION = YES;
				CLANG_WARN_OBJC_ROOT_CLASS = YES_ERROR;
				CLANG_WARN_UNREACHABLE_CODE = YES;
				CLANG_WARN__DUPLICATE_METHOD_MATCH = YES;
				COPY_PHASE_STRIP = NO;
				ENABLE_STRICT_OBJC_MSGSEND = YES;
				GCC_C_LANGUAGE_STANDARD = gnu99;
				GCC_DYNAMIC_NO_PIC = NO;
				GCC_OPTIMIZATION_LEVEL = 0;
				GCC_PREPROCESSOR_DEFINITIONS = (
					"DEBUG=1",
					"$(inherited)",
				);
				GCC_SYMBOLS_PRIVATE_EXTERN = NO;
				GCC_WARN_64_TO_32_BIT_CONVERSION = YES;
				GCC_WARN_ABOUT_RETURN_TYPE = YES_ERROR;
				GCC_WARN_UNDECLARED_SELECTOR = YES;
				GCC_WARN_UNINITIALIZED_AUTOS = YES_AGGRESSIVE;
				GCC_WARN_UNUSED_FUNCTION = YES;
				GCC_WARN_UNUSED_VARIABLE = YES;
				IPHONEOS_DEPLOYMENT_TARGET = 8.0;
				MTL_ENABLE_DEBUG_INFO = YES;
				ONLY_ACTIVE_ARCH = YES;
				SDKROOT = iphoneos;
			};
			name = Debug;
		};
		4AD7D1D819D1064A00D7F178 /* Release */ = {
			isa = XCBuildConfiguration;
			buildSettings = {
				ALWAYS_SEARCH_USER_PATHS = NO;
				CLANG_CXX_LANGUAGE_STANDARD = "gnu++0x";
				CLANG_CXX_LIBRARY = "libc++";
				CLANG_ENABLE_MODULES = YES;
				CLANG_ENABLE_OBJC_ARC = YES;
				CLANG_WARN_BOOL_CONVERSION = YES;
				CLANG_WARN_CONSTANT_CONVERSION = YES;
				CLANG_WARN_DIRECT_OBJC_ISA_USAGE = YES_ERROR;
				CLANG_WARN_EMPTY_BODY = YES;
				CLANG_WARN_ENUM_CONVERSION = YES;
				CLANG_WARN_INT_CONVERSION = YES;
				CLANG_WARN_OBJC_ROOT_CLASS = YES_ERROR;
				CLANG_WARN_UNREACHABLE_CODE = YES;
				CLANG_WARN__DUPLICATE_METHOD_MATCH = YES;
				COPY_PHASE_STRIP = YES;
				ENABLE_NS_ASSERTIONS = NO;
				ENABLE_STRICT_OBJC_MSGSEND = YES;
				GCC_C_LANGUAGE_STANDARD = gnu99;
				GCC_WARN_64_TO_32_BIT_CONVERSION = YES;
				GCC_WARN_ABOUT_RETURN_TYPE = YES_ERROR;
				GCC_WARN_UNDECLARED_SELECTOR = YES;
				GCC_WARN_UNINITIALIZED_AUTOS = YES_AGGRESSIVE;
				GCC_WARN_UNUSED_FUNCTION = YES;
				GCC_WARN_UNUSED_VARIABLE = YES;
				IPHONEOS_DEPLOYMENT_TARGET = 8.0;
				MTL_ENABLE_DEBUG_INFO = NO;
				SDKROOT = iphoneos;
				VALIDATE_PRODUCT = YES;
			};
			name = Release;
		};
		4AD7D1DA19D1064A00D7F178 /* Debug */ = {
			isa = XCBuildConfiguration;
			buildSettings = {
				LIBRARY_SEARCH_PATHS = (
					"$(inherited)",
					"$(PROJECT_DIR)/Shared3rd/**",
					../3rd/libOpen,
					../3rd/thirdPartyOpenResources,
					../3rd/AGAppMonitor,
				);
				ONLY_ACTIVE_ARCH = NO;
				OTHER_LDFLAGS = (
					"-ObjC",
					"-llibOpen",
					"-lthirdPartyOpenResources",
					"-l\"libAGAppMonitor\"",
				);
				PRODUCT_NAME = "$(TARGET_NAME)";
				SKIP_INSTALL = YES;
				TARGETED_DEVICE_FAMILY = "1,2";
				USER_HEADER_SEARCH_PATHS = "\"../3rd/thirdPartyOpenResources/include\" \"../3rd/libOpen/include\" \"../3rd/AGAppMonitor/include\"";
			};
			name = Debug;
		};
		4AD7D1DB19D1064A00D7F178 /* Release */ = {
			isa = XCBuildConfiguration;
			buildSettings = {
				LIBRARY_SEARCH_PATHS = (
					"$(inherited)",
					"$(PROJECT_DIR)/Shared3rd/**",
					../3rd/libOpen,
					../3rd/thirdPartyOpenResources,
					../3rd/AGAppMonitor,
				);
				OTHER_LDFLAGS = (
					"-ObjC",
					"-llibOpen",
					"-lthirdPartyOpenResources",
					"-l\"libAGAppMonitor\"",
				);
				PRODUCT_NAME = "$(TARGET_NAME)";
				SKIP_INSTALL = YES;
				TARGETED_DEVICE_FAMILY = "1,2";
				USER_HEADER_SEARCH_PATHS = "\"../3rd/thirdPartyOpenResources/include\" \"../3rd/libOpen/include\" \"../3rd/AGAppMonitor/include\"";
			};
			name = Release;
		};
/* End XCBuildConfiguration section */

/* Begin XCConfigurationList section */
		4AD7D1C319D1064A00D7F178 /* Build configuration list for PBXProject "AGNetwork" */ = {
			isa = XCConfigurationList;
			buildConfigurations = (
				4AD7D1D719D1064A00D7F178 /* Debug */,
				4AD7D1D819D1064A00D7F178 /* Release */,
			);
			defaultConfigurationIsVisible = 0;
			defaultConfigurationName = Release;
		};
		4AD7D1D919D1064A00D7F178 /* Build configuration list for PBXNativeTarget "AGNetwork" */ = {
			isa = XCConfigurationList;
			buildConfigurations = (
				4AD7D1DA19D1064A00D7F178 /* Debug */,
				4AD7D1DB19D1064A00D7F178 /* Release */,
			);
			defaultConfigurationIsVisible = 0;
			defaultConfigurationName = Release;
		};
/* End XCConfigurationList section */
	};
	rootObject = 4AD7D1C019D1064A00D7F178 /* Project object */;
}
